// !$*UTF8*$!
{
	archiveVersion = 1;
	classes = {
	};
	objectVersion = 46;
	objects = {

/* Begin PBXBuildFile section */
		OBJ_100 /* Parser.swift in Sources */ = {isa = PBXBuildFile; fileRef = OBJ_22 /* Parser.swift */; };
		OBJ_101 /* Parsing.swift in Sources */ = {isa = PBXBuildFile; fileRef = OBJ_23 /* Parsing.swift */; };
		OBJ_102 /* Prelude.swift in Sources */ = {isa = PBXBuildFile; fileRef = OBJ_24 /* Prelude.swift */; };
		OBJ_103 /* Reply.swift in Sources */ = {isa = PBXBuildFile; fileRef = OBJ_25 /* Reply.swift */; };
		OBJ_104 /* Term.swift in Sources */ = {isa = PBXBuildFile; fileRef = OBJ_26 /* Term.swift */; };
		OBJ_105 /* Type.swift in Sources */ = {isa = PBXBuildFile; fileRef = OBJ_27 /* Type.swift */; };
		OBJ_106 /* TypeChecking.swift in Sources */ = {isa = PBXBuildFile; fileRef = OBJ_28 /* TypeChecking.swift */; };
		OBJ_107 /* TypeError.swift in Sources */ = {isa = PBXBuildFile; fileRef = OBJ_29 /* TypeError.swift */; };
		OBJ_108 /* UnicodeScalarView+Helpers.swift in Sources */ = {isa = PBXBuildFile; fileRef = OBJ_30 /* UnicodeScalarView+Helpers.swift */; };
		OBJ_110 /* Result.framework in Frameworks */ = {isa = PBXBuildFile; fileRef = OBJ_58 /* Result.framework */; };
		OBJ_117 /* STLCParser.swift in Sources */ = {isa = PBXBuildFile; fileRef = OBJ_32 /* STLCParser.swift */; };
		OBJ_118 /* STLCTypeChecker.swift in Sources */ = {isa = PBXBuildFile; fileRef = OBJ_33 /* STLCTypeChecker.swift */; };
		OBJ_119 /* STLCTypes.swift in Sources */ = {isa = PBXBuildFile; fileRef = OBJ_34 /* STLCTypes.swift */; };
		OBJ_121 /* Result.framework in Frameworks */ = {isa = PBXBuildFile; fileRef = OBJ_58 /* Result.framework */; };
		OBJ_128 /* UAEvaluator.swift in Sources */ = {isa = PBXBuildFile; fileRef = OBJ_36 /* UAEvaluator.swift */; };
		OBJ_129 /* UAParser.swift in Sources */ = {isa = PBXBuildFile; fileRef = OBJ_37 /* UAParser.swift */; };
		OBJ_130 /* UATerms.swift in Sources */ = {isa = PBXBuildFile; fileRef = OBJ_38 /* UATerms.swift */; };
		OBJ_132 /* Result.framework in Frameworks */ = {isa = PBXBuildFile; fileRef = OBJ_58 /* Result.framework */; };
		OBJ_139 /* ULCEvaluation.swift in Sources */ = {isa = PBXBuildFile; fileRef = OBJ_40 /* ULCEvaluation.swift */; };
		OBJ_140 /* ULCParser.swift in Sources */ = {isa = PBXBuildFile; fileRef = OBJ_41 /* ULCParser.swift */; };
		OBJ_141 /* ULCTerms.swift in Sources */ = {isa = PBXBuildFile; fileRef = OBJ_42 /* ULCTerms.swift */; };
		OBJ_143 /* Result.framework in Frameworks */ = {isa = PBXBuildFile; fileRef = OBJ_58 /* Result.framework */; };
		OBJ_150 /* EvaluationTests.swift in Sources */ = {isa = PBXBuildFile; fileRef = OBJ_45 /* EvaluationTests.swift */; };
		OBJ_151 /* ParserTests.swift in Sources */ = {isa = PBXBuildFile; fileRef = OBJ_46 /* ParserTests.swift */; };
		OBJ_152 /* TypeCheckerTests.swift in Sources */ = {isa = PBXBuildFile; fileRef = OBJ_47 /* TypeCheckerTests.swift */; };
		OBJ_154 /* Result.framework in Frameworks */ = {isa = PBXBuildFile; fileRef = OBJ_58 /* Result.framework */; };
		OBJ_155 /* full.framework in Frameworks */ = {isa = PBXBuildFile; fileRef = OBJ_60 /* full.framework */; };
		OBJ_163 /* STLCTypeCheckerTests.swift in Sources */ = {isa = PBXBuildFile; fileRef = OBJ_49 /* STLCTypeCheckerTests.swift */; };
		OBJ_165 /* Result.framework in Frameworks */ = {isa = PBXBuildFile; fileRef = OBJ_58 /* Result.framework */; };
		OBJ_166 /* simplytypedlambda.framework in Frameworks */ = {isa = PBXBuildFile; fileRef = OBJ_61 /* simplytypedlambda.framework */; };
		OBJ_174 /* UAEvaluationTests.swift in Sources */ = {isa = PBXBuildFile; fileRef = OBJ_51 /* UAEvaluationTests.swift */; };
		OBJ_175 /* UAParserTests.swift in Sources */ = {isa = PBXBuildFile; fileRef = OBJ_52 /* UAParserTests.swift */; };
		OBJ_177 /* Result.framework in Frameworks */ = {isa = PBXBuildFile; fileRef = OBJ_58 /* Result.framework */; };
		OBJ_178 /* untypedarithmetic.framework in Frameworks */ = {isa = PBXBuildFile; fileRef = OBJ_62 /* untypedarithmetic.framework */; };
		OBJ_186 /* ULCEvaluationTests.swift in Sources */ = {isa = PBXBuildFile; fileRef = OBJ_54 /* ULCEvaluationTests.swift */; };
		OBJ_187 /* ULCParserTests.swift in Sources */ = {isa = PBXBuildFile; fileRef = OBJ_55 /* ULCParserTests.swift */; };
		OBJ_189 /* Result.framework in Frameworks */ = {isa = PBXBuildFile; fileRef = OBJ_58 /* Result.framework */; };
		OBJ_190 /* untypedlambda.framework in Frameworks */ = {isa = PBXBuildFile; fileRef = OBJ_63 /* untypedlambda.framework */; };
		OBJ_73 /* Result.swift in Sources */ = {isa = PBXBuildFile; fileRef = OBJ_9 /* Result.swift */; };
		OBJ_74 /* ResultProtocol.swift in Sources */ = {isa = PBXBuildFile; fileRef = OBJ_10 /* ResultProtocol.swift */; };
		OBJ_81 /* console.swift in Sources */ = {isa = PBXBuildFile; fileRef = OBJ_12 /* console.swift */; };
		OBJ_82 /* evaluation.swift in Sources */ = {isa = PBXBuildFile; fileRef = OBJ_13 /* evaluation.swift */; };
		OBJ_83 /* main.swift in Sources */ = {isa = PBXBuildFile; fileRef = OBJ_14 /* main.swift */; };
		OBJ_85 /* Result.framework in Frameworks */ = {isa = PBXBuildFile; fileRef = OBJ_58 /* Result.framework */; };
		OBJ_86 /* full.framework in Frameworks */ = {isa = PBXBuildFile; fileRef = OBJ_60 /* full.framework */; };
		OBJ_94 /* Dictionary+Helpers.swift in Sources */ = {isa = PBXBuildFile; fileRef = OBJ_16 /* Dictionary+Helpers.swift */; };
		OBJ_95 /* Evaluation.swift in Sources */ = {isa = PBXBuildFile; fileRef = OBJ_17 /* Evaluation.swift */; };
		OBJ_96 /* EvaluationError.swift in Sources */ = {isa = PBXBuildFile; fileRef = OBJ_18 /* EvaluationError.swift */; };
		OBJ_97 /* ParseError.swift in Sources */ = {isa = PBXBuildFile; fileRef = OBJ_19 /* ParseError.swift */; };
		OBJ_98 /* Parser+Combinators.swift in Sources */ = {isa = PBXBuildFile; fileRef = OBJ_20 /* Parser+Combinators.swift */; };
		OBJ_99 /* Parser+UnicodeScalars.swift in Sources */ = {isa = PBXBuildFile; fileRef = OBJ_21 /* Parser+UnicodeScalars.swift */; };
/* End PBXBuildFile section */

/* Begin PBXContainerItemProxy section */
		B418C6DE1E40987B003CB343 /* PBXContainerItemProxy */ = {
			isa = PBXContainerItemProxy;
			containerPortal = OBJ_1 /* Project object */;
			proxyType = 1;
			remoteGlobalIDString = OBJ_68;
			remoteInfo = Result;
		};
		B418C6DF1E40987B003CB343 /* PBXContainerItemProxy */ = {
			isa = PBXContainerItemProxy;
			containerPortal = OBJ_1 /* Project object */;
			proxyType = 1;
			remoteGlobalIDString = OBJ_89;
			remoteInfo = full;
		};
		B418C6E01E40987B003CB343 /* PBXContainerItemProxy */ = {
			isa = PBXContainerItemProxy;
			containerPortal = OBJ_1 /* Project object */;
			proxyType = 1;
			remoteGlobalIDString = OBJ_68;
			remoteInfo = Result;
		};
		B418C6E11E40987B003CB343 /* PBXContainerItemProxy */ = {
			isa = PBXContainerItemProxy;
			containerPortal = OBJ_1 /* Project object */;
			proxyType = 1;
			remoteGlobalIDString = OBJ_68;
			remoteInfo = Result;
		};
		B418C6E21E40987B003CB343 /* PBXContainerItemProxy */ = {
			isa = PBXContainerItemProxy;
			containerPortal = OBJ_1 /* Project object */;
			proxyType = 1;
			remoteGlobalIDString = OBJ_68;
			remoteInfo = Result;
		};
		B418C6E31E40987B003CB343 /* PBXContainerItemProxy */ = {
			isa = PBXContainerItemProxy;
			containerPortal = OBJ_1 /* Project object */;
			proxyType = 1;
			remoteGlobalIDString = OBJ_68;
			remoteInfo = Result;
		};
		B418C6E41E40987B003CB343 /* PBXContainerItemProxy */ = {
			isa = PBXContainerItemProxy;
			containerPortal = OBJ_1 /* Project object */;
			proxyType = 1;
			remoteGlobalIDString = OBJ_68;
			remoteInfo = Result;
		};
		B418C6E51E40987B003CB343 /* PBXContainerItemProxy */ = {
			isa = PBXContainerItemProxy;
			containerPortal = OBJ_1 /* Project object */;
			proxyType = 1;
			remoteGlobalIDString = OBJ_89;
			remoteInfo = full;
		};
		B418C6E61E40987B003CB343 /* PBXContainerItemProxy */ = {
			isa = PBXContainerItemProxy;
			containerPortal = OBJ_1 /* Project object */;
			proxyType = 1;
			remoteGlobalIDString = OBJ_68;
			remoteInfo = Result;
		};
		B418C6E71E40987B003CB343 /* PBXContainerItemProxy */ = {
			isa = PBXContainerItemProxy;
			containerPortal = OBJ_1 /* Project object */;
			proxyType = 1;
			remoteGlobalIDString = OBJ_112;
			remoteInfo = simplytypedlambda;
		};
		B418C6E81E40987B003CB343 /* PBXContainerItemProxy */ = {
			isa = PBXContainerItemProxy;
			containerPortal = OBJ_1 /* Project object */;
			proxyType = 1;
			remoteGlobalIDString = OBJ_68;
			remoteInfo = Result;
		};
		B418C6E91E40987B003CB343 /* PBXContainerItemProxy */ = {
			isa = PBXContainerItemProxy;
			containerPortal = OBJ_1 /* Project object */;
			proxyType = 1;
			remoteGlobalIDString = OBJ_123;
			remoteInfo = untypedarithmetic;
		};
		B418C6EA1E40987B003CB343 /* PBXContainerItemProxy */ = {
			isa = PBXContainerItemProxy;
			containerPortal = OBJ_1 /* Project object */;
			proxyType = 1;
			remoteGlobalIDString = OBJ_68;
			remoteInfo = Result;
		};
		B418C6EB1E40987B003CB343 /* PBXContainerItemProxy */ = {
			isa = PBXContainerItemProxy;
			containerPortal = OBJ_1 /* Project object */;
			proxyType = 1;
			remoteGlobalIDString = OBJ_134;
			remoteInfo = untypedlambda;
		};
/* End PBXContainerItemProxy section */

/* Begin PBXFileReference section */
		OBJ_10 /* ResultProtocol.swift */ = {isa = PBXFileReference; lastKnownFileType = sourcecode.swift; path = ResultProtocol.swift; sourceTree = "<group>"; };
		OBJ_12 /* console.swift */ = {isa = PBXFileReference; lastKnownFileType = sourcecode.swift; path = console.swift; sourceTree = "<group>"; };
		OBJ_13 /* evaluation.swift */ = {isa = PBXFileReference; lastKnownFileType = sourcecode.swift; path = evaluation.swift; sourceTree = "<group>"; };
		OBJ_14 /* main.swift */ = {isa = PBXFileReference; lastKnownFileType = sourcecode.swift; path = main.swift; sourceTree = "<group>"; };
		OBJ_16 /* Dictionary+Helpers.swift */ = {isa = PBXFileReference; lastKnownFileType = sourcecode.swift; path = "Dictionary+Helpers.swift"; sourceTree = "<group>"; };
		OBJ_17 /* Evaluation.swift */ = {isa = PBXFileReference; lastKnownFileType = sourcecode.swift; path = Evaluation.swift; sourceTree = "<group>"; };
		OBJ_18 /* EvaluationError.swift */ = {isa = PBXFileReference; lastKnownFileType = sourcecode.swift; path = EvaluationError.swift; sourceTree = "<group>"; };
		OBJ_19 /* ParseError.swift */ = {isa = PBXFileReference; lastKnownFileType = sourcecode.swift; path = ParseError.swift; sourceTree = "<group>"; };
		OBJ_20 /* Parser+Combinators.swift */ = {isa = PBXFileReference; lastKnownFileType = sourcecode.swift; path = "Parser+Combinators.swift"; sourceTree = "<group>"; };
		OBJ_21 /* Parser+UnicodeScalars.swift */ = {isa = PBXFileReference; lastKnownFileType = sourcecode.swift; path = "Parser+UnicodeScalars.swift"; sourceTree = "<group>"; };
		OBJ_22 /* Parser.swift */ = {isa = PBXFileReference; lastKnownFileType = sourcecode.swift; path = Parser.swift; sourceTree = "<group>"; };
		OBJ_23 /* Parsing.swift */ = {isa = PBXFileReference; lastKnownFileType = sourcecode.swift; path = Parsing.swift; sourceTree = "<group>"; };
		OBJ_24 /* Prelude.swift */ = {isa = PBXFileReference; lastKnownFileType = sourcecode.swift; path = Prelude.swift; sourceTree = "<group>"; };
		OBJ_25 /* Reply.swift */ = {isa = PBXFileReference; lastKnownFileType = sourcecode.swift; path = Reply.swift; sourceTree = "<group>"; };
		OBJ_26 /* Term.swift */ = {isa = PBXFileReference; lastKnownFileType = sourcecode.swift; path = Term.swift; sourceTree = "<group>"; };
		OBJ_27 /* Type.swift */ = {isa = PBXFileReference; lastKnownFileType = sourcecode.swift; path = Type.swift; sourceTree = "<group>"; };
		OBJ_28 /* TypeChecking.swift */ = {isa = PBXFileReference; lastKnownFileType = sourcecode.swift; path = TypeChecking.swift; sourceTree = "<group>"; };
		OBJ_29 /* TypeError.swift */ = {isa = PBXFileReference; lastKnownFileType = sourcecode.swift; path = TypeError.swift; sourceTree = "<group>"; };
		OBJ_30 /* UnicodeScalarView+Helpers.swift */ = {isa = PBXFileReference; lastKnownFileType = sourcecode.swift; path = "UnicodeScalarView+Helpers.swift"; sourceTree = "<group>"; };
		OBJ_32 /* STLCParser.swift */ = {isa = PBXFileReference; lastKnownFileType = sourcecode.swift; path = STLCParser.swift; sourceTree = "<group>"; };
		OBJ_33 /* STLCTypeChecker.swift */ = {isa = PBXFileReference; lastKnownFileType = sourcecode.swift; path = STLCTypeChecker.swift; sourceTree = "<group>"; };
		OBJ_34 /* STLCTypes.swift */ = {isa = PBXFileReference; lastKnownFileType = sourcecode.swift; path = STLCTypes.swift; sourceTree = "<group>"; };
		OBJ_36 /* UAEvaluator.swift */ = {isa = PBXFileReference; lastKnownFileType = sourcecode.swift; path = UAEvaluator.swift; sourceTree = "<group>"; };
		OBJ_37 /* UAParser.swift */ = {isa = PBXFileReference; lastKnownFileType = sourcecode.swift; path = UAParser.swift; sourceTree = "<group>"; };
		OBJ_38 /* UATerms.swift */ = {isa = PBXFileReference; lastKnownFileType = sourcecode.swift; path = UATerms.swift; sourceTree = "<group>"; };
		OBJ_40 /* ULCEvaluation.swift */ = {isa = PBXFileReference; lastKnownFileType = sourcecode.swift; path = ULCEvaluation.swift; sourceTree = "<group>"; };
		OBJ_41 /* ULCParser.swift */ = {isa = PBXFileReference; lastKnownFileType = sourcecode.swift; path = ULCParser.swift; sourceTree = "<group>"; };
		OBJ_42 /* ULCTerms.swift */ = {isa = PBXFileReference; lastKnownFileType = sourcecode.swift; path = ULCTerms.swift; sourceTree = "<group>"; };
		OBJ_45 /* EvaluationTests.swift */ = {isa = PBXFileReference; lastKnownFileType = sourcecode.swift; path = EvaluationTests.swift; sourceTree = "<group>"; };
		OBJ_46 /* ParserTests.swift */ = {isa = PBXFileReference; lastKnownFileType = sourcecode.swift; path = ParserTests.swift; sourceTree = "<group>"; };
		OBJ_47 /* TypeCheckerTests.swift */ = {isa = PBXFileReference; lastKnownFileType = sourcecode.swift; path = TypeCheckerTests.swift; sourceTree = "<group>"; };
		OBJ_49 /* STLCTypeCheckerTests.swift */ = {isa = PBXFileReference; lastKnownFileType = sourcecode.swift; path = STLCTypeCheckerTests.swift; sourceTree = "<group>"; };
		OBJ_51 /* UAEvaluationTests.swift */ = {isa = PBXFileReference; lastKnownFileType = sourcecode.swift; path = UAEvaluationTests.swift; sourceTree = "<group>"; };
		OBJ_52 /* UAParserTests.swift */ = {isa = PBXFileReference; lastKnownFileType = sourcecode.swift; path = UAParserTests.swift; sourceTree = "<group>"; };
		OBJ_54 /* ULCEvaluationTests.swift */ = {isa = PBXFileReference; lastKnownFileType = sourcecode.swift; path = ULCEvaluationTests.swift; sourceTree = "<group>"; };
		OBJ_55 /* ULCParserTests.swift */ = {isa = PBXFileReference; lastKnownFileType = sourcecode.swift; path = ULCParserTests.swift; sourceTree = "<group>"; };
		OBJ_56 /* Config */ = {isa = PBXFileReference; lastKnownFileType = folder; path = Config; sourceTree = SOURCE_ROOT; };
		OBJ_58 /* Result.framework */ = {isa = PBXFileReference; explicitFileType = wrapper.framework; path = Result.framework; sourceTree = BUILT_PRODUCTS_DIR; };
		OBJ_59 /* albovagen */ = {isa = PBXFileReference; lastKnownFileType = text; path = albovagen; sourceTree = BUILT_PRODUCTS_DIR; };
		OBJ_6 /* Package.swift */ = {isa = PBXFileReference; explicitFileType = sourcecode.swift; path = Package.swift; sourceTree = "<group>"; };
		OBJ_60 /* full.framework */ = {isa = PBXFileReference; explicitFileType = wrapper.framework; path = full.framework; sourceTree = BUILT_PRODUCTS_DIR; };
		OBJ_61 /* simplytypedlambda.framework */ = {isa = PBXFileReference; explicitFileType = wrapper.framework; path = simplytypedlambda.framework; sourceTree = BUILT_PRODUCTS_DIR; };
		OBJ_62 /* untypedarithmetic.framework */ = {isa = PBXFileReference; explicitFileType = wrapper.framework; path = untypedarithmetic.framework; sourceTree = BUILT_PRODUCTS_DIR; };
		OBJ_63 /* untypedlambda.framework */ = {isa = PBXFileReference; explicitFileType = wrapper.framework; path = untypedlambda.framework; sourceTree = BUILT_PRODUCTS_DIR; };
		OBJ_64 /* fullTests.xctest */ = {isa = PBXFileReference; lastKnownFileType = file; path = fullTests.xctest; sourceTree = BUILT_PRODUCTS_DIR; };
		OBJ_65 /* simplytypedlambdaTests.xctest */ = {isa = PBXFileReference; lastKnownFileType = file; path = simplytypedlambdaTests.xctest; sourceTree = BUILT_PRODUCTS_DIR; };
		OBJ_66 /* untypedarithmeticTests.xctest */ = {isa = PBXFileReference; lastKnownFileType = file; path = untypedarithmeticTests.xctest; sourceTree = BUILT_PRODUCTS_DIR; };
		OBJ_67 /* untypedlambdaTests.xctest */ = {isa = PBXFileReference; lastKnownFileType = file; path = untypedlambdaTests.xctest; sourceTree = BUILT_PRODUCTS_DIR; };
		OBJ_9 /* Result.swift */ = {isa = PBXFileReference; lastKnownFileType = sourcecode.swift; path = Result.swift; sourceTree = "<group>"; };
/* End PBXFileReference section */

/* Begin PBXFrameworksBuildPhase section */
		OBJ_109 /* Frameworks */ = {
			isa = PBXFrameworksBuildPhase;
			buildActionMask = 0;
			files = (
				OBJ_110 /* Result.framework in Frameworks */,
			);
			runOnlyForDeploymentPostprocessing = 0;
		};
		OBJ_120 /* Frameworks */ = {
			isa = PBXFrameworksBuildPhase;
			buildActionMask = 0;
			files = (
				OBJ_121 /* Result.framework in Frameworks */,
			);
			runOnlyForDeploymentPostprocessing = 0;
		};
		OBJ_131 /* Frameworks */ = {
			isa = PBXFrameworksBuildPhase;
			buildActionMask = 0;
			files = (
				OBJ_132 /* Result.framework in Frameworks */,
			);
			runOnlyForDeploymentPostprocessing = 0;
		};
		OBJ_142 /* Frameworks */ = {
			isa = PBXFrameworksBuildPhase;
			buildActionMask = 0;
			files = (
				OBJ_143 /* Result.framework in Frameworks */,
			);
			runOnlyForDeploymentPostprocessing = 0;
		};
		OBJ_153 /* Frameworks */ = {
			isa = PBXFrameworksBuildPhase;
			buildActionMask = 0;
			files = (
				OBJ_154 /* Result.framework in Frameworks */,
				OBJ_155 /* full.framework in Frameworks */,
			);
			runOnlyForDeploymentPostprocessing = 0;
		};
		OBJ_164 /* Frameworks */ = {
			isa = PBXFrameworksBuildPhase;
			buildActionMask = 0;
			files = (
				OBJ_165 /* Result.framework in Frameworks */,
				OBJ_166 /* simplytypedlambda.framework in Frameworks */,
			);
			runOnlyForDeploymentPostprocessing = 0;
		};
		OBJ_176 /* Frameworks */ = {
			isa = PBXFrameworksBuildPhase;
			buildActionMask = 0;
			files = (
				OBJ_177 /* Result.framework in Frameworks */,
				OBJ_178 /* untypedarithmetic.framework in Frameworks */,
			);
			runOnlyForDeploymentPostprocessing = 0;
		};
		OBJ_188 /* Frameworks */ = {
			isa = PBXFrameworksBuildPhase;
			buildActionMask = 0;
			files = (
				OBJ_189 /* Result.framework in Frameworks */,
				OBJ_190 /* untypedlambda.framework in Frameworks */,
			);
			runOnlyForDeploymentPostprocessing = 0;
		};
		OBJ_75 /* Frameworks */ = {
			isa = PBXFrameworksBuildPhase;
			buildActionMask = 0;
			files = (
			);
			runOnlyForDeploymentPostprocessing = 0;
		};
		OBJ_84 /* Frameworks */ = {
			isa = PBXFrameworksBuildPhase;
			buildActionMask = 0;
			files = (
				OBJ_85 /* Result.framework in Frameworks */,
				OBJ_86 /* full.framework in Frameworks */,
			);
			runOnlyForDeploymentPostprocessing = 0;
		};
/* End PBXFrameworksBuildPhase section */

/* Begin PBXGroup section */
		OBJ_11 /* albovagen */ = {
			isa = PBXGroup;
			children = (
				OBJ_12 /* console.swift */,
				OBJ_13 /* evaluation.swift */,
				OBJ_14 /* main.swift */,
			);
			name = albovagen;
			path = Sources/albovagen;
			sourceTree = SOURCE_ROOT;
		};
		OBJ_15 /* full */ = {
			isa = PBXGroup;
			children = (
				OBJ_16 /* Dictionary+Helpers.swift */,
				OBJ_17 /* Evaluation.swift */,
				OBJ_18 /* EvaluationError.swift */,
				OBJ_19 /* ParseError.swift */,
				OBJ_20 /* Parser+Combinators.swift */,
				OBJ_21 /* Parser+UnicodeScalars.swift */,
				OBJ_22 /* Parser.swift */,
				OBJ_23 /* Parsing.swift */,
				OBJ_24 /* Prelude.swift */,
				OBJ_25 /* Reply.swift */,
				OBJ_26 /* Term.swift */,
				OBJ_27 /* Type.swift */,
				OBJ_28 /* TypeChecking.swift */,
				OBJ_29 /* TypeError.swift */,
				OBJ_30 /* UnicodeScalarView+Helpers.swift */,
			);
			name = full;
			path = Sources/full;
			sourceTree = SOURCE_ROOT;
		};
		OBJ_31 /* simplytypedlambda */ = {
			isa = PBXGroup;
			children = (
				OBJ_32 /* STLCParser.swift */,
				OBJ_33 /* STLCTypeChecker.swift */,
				OBJ_34 /* STLCTypes.swift */,
			);
			name = simplytypedlambda;
			path = Sources/simplytypedlambda;
			sourceTree = SOURCE_ROOT;
		};
		OBJ_35 /* untypedarithmetic */ = {
			isa = PBXGroup;
			children = (
				OBJ_36 /* UAEvaluator.swift */,
				OBJ_37 /* UAParser.swift */,
				OBJ_38 /* UATerms.swift */,
			);
			name = untypedarithmetic;
			path = Sources/untypedarithmetic;
			sourceTree = SOURCE_ROOT;
		};
		OBJ_39 /* untypedlambda */ = {
			isa = PBXGroup;
			children = (
				OBJ_40 /* ULCEvaluation.swift */,
				OBJ_41 /* ULCParser.swift */,
				OBJ_42 /* ULCTerms.swift */,
			);
			name = untypedlambda;
			path = Sources/untypedlambda;
			sourceTree = SOURCE_ROOT;
		};
		OBJ_43 /* Tests */ = {
			isa = PBXGroup;
			children = (
				OBJ_44 /* fullTests */,
				OBJ_48 /* simplytypedlambdaTests */,
				OBJ_50 /* untypedarithmeticTests */,
				OBJ_53 /* untypedlambdaTests */,
			);
			path = Tests;
			sourceTree = "<group>";
		};
		OBJ_44 /* fullTests */ = {
			isa = PBXGroup;
			children = (
				OBJ_45 /* EvaluationTests.swift */,
				OBJ_46 /* ParserTests.swift */,
				OBJ_47 /* TypeCheckerTests.swift */,
			);
			name = fullTests;
			path = Tests/fullTests;
			sourceTree = SOURCE_ROOT;
		};
		OBJ_48 /* simplytypedlambdaTests */ = {
			isa = PBXGroup;
			children = (
				OBJ_49 /* STLCTypeCheckerTests.swift */,
			);
			name = simplytypedlambdaTests;
			path = Tests/simplytypedlambdaTests;
			sourceTree = SOURCE_ROOT;
		};
		OBJ_5 /*  */ = {
			isa = PBXGroup;
			children = (
				OBJ_6 /* Package.swift */,
				OBJ_7 /* Sources */,
				OBJ_43 /* Tests */,
				OBJ_56 /* Config */,
				OBJ_57 /* Products */,
			);
			name = "";
			sourceTree = "<group>";
		};
		OBJ_50 /* untypedarithmeticTests */ = {
			isa = PBXGroup;
			children = (
				OBJ_51 /* UAEvaluationTests.swift */,
				OBJ_52 /* UAParserTests.swift */,
			);
			name = untypedarithmeticTests;
			path = Tests/untypedarithmeticTests;
			sourceTree = SOURCE_ROOT;
		};
		OBJ_53 /* untypedlambdaTests */ = {
			isa = PBXGroup;
			children = (
				OBJ_54 /* ULCEvaluationTests.swift */,
				OBJ_55 /* ULCParserTests.swift */,
			);
			name = untypedlambdaTests;
			path = Tests/untypedlambdaTests;
			sourceTree = SOURCE_ROOT;
		};
		OBJ_57 /* Products */ = {
			isa = PBXGroup;
			children = (
				OBJ_58 /* Result.framework */,
				OBJ_59 /* albovagen */,
				OBJ_60 /* full.framework */,
				OBJ_61 /* simplytypedlambda.framework */,
				OBJ_62 /* untypedarithmetic.framework */,
				OBJ_63 /* untypedlambda.framework */,
				OBJ_64 /* fullTests.xctest */,
				OBJ_65 /* simplytypedlambdaTests.xctest */,
				OBJ_66 /* untypedarithmeticTests.xctest */,
				OBJ_67 /* untypedlambdaTests.xctest */,
			);
			name = Products;
			sourceTree = BUILT_PRODUCTS_DIR;
		};
		OBJ_7 /* Sources */ = {
			isa = PBXGroup;
			children = (
				OBJ_8 /* Result */,
				OBJ_11 /* albovagen */,
				OBJ_15 /* full */,
				OBJ_31 /* simplytypedlambda */,
				OBJ_35 /* untypedarithmetic */,
				OBJ_39 /* untypedlambda */,
			);
			path = Sources;
			sourceTree = "<group>";
		};
		OBJ_8 /* Result */ = {
			isa = PBXGroup;
			children = (
				OBJ_9 /* Result.swift */,
				OBJ_10 /* ResultProtocol.swift */,
			);
			name = Result;
			path = "Packages/Result-3.1.0/Result";
			sourceTree = SOURCE_ROOT;
		};
/* End PBXGroup section */

/* Begin PBXNativeTarget section */
		OBJ_112 /* simplytypedlambda */ = {
			isa = PBXNativeTarget;
			buildConfigurationList = OBJ_113 /* Build configuration list for PBXNativeTarget "simplytypedlambda" */;
			buildPhases = (
				OBJ_116 /* Sources */,
				OBJ_120 /* Frameworks */,
			);
			buildRules = (
			);
			dependencies = (
				OBJ_122 /* PBXTargetDependency */,
			);
			name = simplytypedlambda;
			productName = simplytypedlambda;
			productReference = OBJ_61 /* simplytypedlambda.framework */;
			productType = "com.apple.product-type.framework";
		};
		OBJ_123 /* untypedarithmetic */ = {
			isa = PBXNativeTarget;
			buildConfigurationList = OBJ_124 /* Build configuration list for PBXNativeTarget "untypedarithmetic" */;
			buildPhases = (
				OBJ_127 /* Sources */,
				OBJ_131 /* Frameworks */,
			);
			buildRules = (
			);
			dependencies = (
				OBJ_133 /* PBXTargetDependency */,
			);
			name = untypedarithmetic;
			productName = untypedarithmetic;
			productReference = OBJ_62 /* untypedarithmetic.framework */;
			productType = "com.apple.product-type.framework";
		};
		OBJ_134 /* untypedlambda */ = {
			isa = PBXNativeTarget;
			buildConfigurationList = OBJ_135 /* Build configuration list for PBXNativeTarget "untypedlambda" */;
			buildPhases = (
				OBJ_138 /* Sources */,
				OBJ_142 /* Frameworks */,
			);
			buildRules = (
			);
			dependencies = (
				OBJ_144 /* PBXTargetDependency */,
			);
			name = untypedlambda;
			productName = untypedlambda;
			productReference = OBJ_63 /* untypedlambda.framework */;
			productType = "com.apple.product-type.framework";
		};
		OBJ_145 /* fullTests */ = {
			isa = PBXNativeTarget;
			buildConfigurationList = OBJ_146 /* Build configuration list for PBXNativeTarget "fullTests" */;
			buildPhases = (
				OBJ_149 /* Sources */,
				OBJ_153 /* Frameworks */,
			);
			buildRules = (
			);
			dependencies = (
				OBJ_156 /* PBXTargetDependency */,
				OBJ_157 /* PBXTargetDependency */,
			);
			name = fullTests;
			productName = fullTests;
			productReference = OBJ_64 /* fullTests.xctest */;
			productType = "com.apple.product-type.bundle.unit-test";
		};
		OBJ_158 /* simplytypedlambdaTests */ = {
			isa = PBXNativeTarget;
			buildConfigurationList = OBJ_159 /* Build configuration list for PBXNativeTarget "simplytypedlambdaTests" */;
			buildPhases = (
				OBJ_162 /* Sources */,
				OBJ_164 /* Frameworks */,
			);
			buildRules = (
			);
			dependencies = (
				OBJ_167 /* PBXTargetDependency */,
				OBJ_168 /* PBXTargetDependency */,
			);
			name = simplytypedlambdaTests;
			productName = simplytypedlambdaTests;
			productReference = OBJ_65 /* simplytypedlambdaTests.xctest */;
			productType = "com.apple.product-type.bundle.unit-test";
		};
		OBJ_169 /* untypedarithmeticTests */ = {
			isa = PBXNativeTarget;
			buildConfigurationList = OBJ_170 /* Build configuration list for PBXNativeTarget "untypedarithmeticTests" */;
			buildPhases = (
				OBJ_173 /* Sources */,
				OBJ_176 /* Frameworks */,
			);
			buildRules = (
			);
			dependencies = (
				OBJ_179 /* PBXTargetDependency */,
				OBJ_180 /* PBXTargetDependency */,
			);
			name = untypedarithmeticTests;
			productName = untypedarithmeticTests;
			productReference = OBJ_66 /* untypedarithmeticTests.xctest */;
			productType = "com.apple.product-type.bundle.unit-test";
		};
		OBJ_181 /* untypedlambdaTests */ = {
			isa = PBXNativeTarget;
			buildConfigurationList = OBJ_182 /* Build configuration list for PBXNativeTarget "untypedlambdaTests" */;
			buildPhases = (
				OBJ_185 /* Sources */,
				OBJ_188 /* Frameworks */,
			);
			buildRules = (
			);
			dependencies = (
				OBJ_191 /* PBXTargetDependency */,
				OBJ_192 /* PBXTargetDependency */,
			);
			name = untypedlambdaTests;
			productName = untypedlambdaTests;
			productReference = OBJ_67 /* untypedlambdaTests.xctest */;
			productType = "com.apple.product-type.bundle.unit-test";
		};
		OBJ_68 /* Result */ = {
			isa = PBXNativeTarget;
			buildConfigurationList = OBJ_69 /* Build configuration list for PBXNativeTarget "Result" */;
			buildPhases = (
				OBJ_72 /* Sources */,
				OBJ_75 /* Frameworks */,
			);
			buildRules = (
			);
			dependencies = (
			);
			name = Result;
			productName = Result;
			productReference = OBJ_58 /* Result.framework */;
			productType = "com.apple.product-type.framework";
		};
		OBJ_76 /* albovagen */ = {
			isa = PBXNativeTarget;
			buildConfigurationList = OBJ_77 /* Build configuration list for PBXNativeTarget "albovagen" */;
			buildPhases = (
				OBJ_80 /* Sources */,
				OBJ_84 /* Frameworks */,
			);
			buildRules = (
			);
			dependencies = (
				OBJ_87 /* PBXTargetDependency */,
				OBJ_88 /* PBXTargetDependency */,
			);
			name = albovagen;
			productName = albovagen;
			productReference = OBJ_59 /* albovagen */;
			productType = "com.apple.product-type.tool";
		};
		OBJ_89 /* full */ = {
			isa = PBXNativeTarget;
			buildConfigurationList = OBJ_90 /* Build configuration list for PBXNativeTarget "full" */;
			buildPhases = (
				OBJ_93 /* Sources */,
				OBJ_109 /* Frameworks */,
			);
			buildRules = (
			);
			dependencies = (
				OBJ_111 /* PBXTargetDependency */,
			);
			name = full;
			productName = full;
			productReference = OBJ_60 /* full.framework */;
			productType = "com.apple.product-type.framework";
		};
/* End PBXNativeTarget section */

/* Begin PBXProject section */
		OBJ_1 /* Project object */ = {
			isa = PBXProject;
			attributes = {
				LastUpgradeCheck = 9999;
			};
			buildConfigurationList = OBJ_2 /* Build configuration list for PBXProject "lind" */;
			compatibilityVersion = "Xcode 3.2";
			developmentRegion = English;
			hasScannedForEncodings = 0;
			knownRegions = (
				en,
			);
			mainGroup = OBJ_5 /*  */;
			productRefGroup = OBJ_57 /* Products */;
			projectDirPath = "";
			projectRoot = "";
			targets = (
				OBJ_68 /* Result */,
				OBJ_76 /* albovagen */,
				OBJ_89 /* full */,
				OBJ_112 /* simplytypedlambda */,
				OBJ_123 /* untypedarithmetic */,
				OBJ_134 /* untypedlambda */,
				OBJ_145 /* fullTests */,
				OBJ_158 /* simplytypedlambdaTests */,
				OBJ_169 /* untypedarithmeticTests */,
				OBJ_181 /* untypedlambdaTests */,
			);
		};
/* End PBXProject section */

/* Begin PBXSourcesBuildPhase section */
		OBJ_116 /* Sources */ = {
			isa = PBXSourcesBuildPhase;
			buildActionMask = 0;
			files = (
				OBJ_117 /* STLCParser.swift in Sources */,
				OBJ_118 /* STLCTypeChecker.swift in Sources */,
				OBJ_119 /* STLCTypes.swift in Sources */,
			);
			runOnlyForDeploymentPostprocessing = 0;
		};
		OBJ_127 /* Sources */ = {
			isa = PBXSourcesBuildPhase;
			buildActionMask = 0;
			files = (
				OBJ_128 /* UAEvaluator.swift in Sources */,
				OBJ_129 /* UAParser.swift in Sources */,
				OBJ_130 /* UATerms.swift in Sources */,
			);
			runOnlyForDeploymentPostprocessing = 0;
		};
		OBJ_138 /* Sources */ = {
			isa = PBXSourcesBuildPhase;
			buildActionMask = 0;
			files = (
				OBJ_139 /* ULCEvaluation.swift in Sources */,
				OBJ_140 /* ULCParser.swift in Sources */,
				OBJ_141 /* ULCTerms.swift in Sources */,
			);
			runOnlyForDeploymentPostprocessing = 0;
		};
		OBJ_149 /* Sources */ = {
			isa = PBXSourcesBuildPhase;
			buildActionMask = 0;
			files = (
				OBJ_150 /* EvaluationTests.swift in Sources */,
				OBJ_151 /* ParserTests.swift in Sources */,
				OBJ_152 /* TypeCheckerTests.swift in Sources */,
			);
			runOnlyForDeploymentPostprocessing = 0;
		};
		OBJ_162 /* Sources */ = {
			isa = PBXSourcesBuildPhase;
			buildActionMask = 0;
			files = (
				OBJ_163 /* STLCTypeCheckerTests.swift in Sources */,
			);
			runOnlyForDeploymentPostprocessing = 0;
		};
		OBJ_173 /* Sources */ = {
			isa = PBXSourcesBuildPhase;
			buildActionMask = 0;
			files = (
				OBJ_174 /* UAEvaluationTests.swift in Sources */,
				OBJ_175 /* UAParserTests.swift in Sources */,
			);
			runOnlyForDeploymentPostprocessing = 0;
		};
		OBJ_185 /* Sources */ = {
			isa = PBXSourcesBuildPhase;
			buildActionMask = 0;
			files = (
				OBJ_186 /* ULCEvaluationTests.swift in Sources */,
				OBJ_187 /* ULCParserTests.swift in Sources */,
			);
			runOnlyForDeploymentPostprocessing = 0;
		};
		OBJ_72 /* Sources */ = {
			isa = PBXSourcesBuildPhase;
			buildActionMask = 0;
			files = (
				OBJ_73 /* Result.swift in Sources */,
				OBJ_74 /* ResultProtocol.swift in Sources */,
			);
			runOnlyForDeploymentPostprocessing = 0;
		};
		OBJ_80 /* Sources */ = {
			isa = PBXSourcesBuildPhase;
			buildActionMask = 0;
			files = (
				OBJ_81 /* console.swift in Sources */,
				OBJ_82 /* evaluation.swift in Sources */,
				OBJ_83 /* main.swift in Sources */,
			);
			runOnlyForDeploymentPostprocessing = 0;
		};
		OBJ_93 /* Sources */ = {
			isa = PBXSourcesBuildPhase;
			buildActionMask = 0;
			files = (
				OBJ_94 /* Dictionary+Helpers.swift in Sources */,
				OBJ_95 /* Evaluation.swift in Sources */,
				OBJ_96 /* EvaluationError.swift in Sources */,
				OBJ_97 /* ParseError.swift in Sources */,
				OBJ_98 /* Parser+Combinators.swift in Sources */,
				OBJ_99 /* Parser+UnicodeScalars.swift in Sources */,
				OBJ_100 /* Parser.swift in Sources */,
				OBJ_101 /* Parsing.swift in Sources */,
				OBJ_102 /* Prelude.swift in Sources */,
				OBJ_103 /* Reply.swift in Sources */,
				OBJ_104 /* Term.swift in Sources */,
				OBJ_105 /* Type.swift in Sources */,
				OBJ_106 /* TypeChecking.swift in Sources */,
				OBJ_107 /* TypeError.swift in Sources */,
				OBJ_108 /* UnicodeScalarView+Helpers.swift in Sources */,
			);
			runOnlyForDeploymentPostprocessing = 0;
		};
/* End PBXSourcesBuildPhase section */

/* Begin PBXTargetDependency section */
		OBJ_111 /* PBXTargetDependency */ = {
			isa = PBXTargetDependency;
			target = OBJ_68 /* Result */;
			targetProxy = B418C6E01E40987B003CB343 /* PBXContainerItemProxy */;
		};
		OBJ_122 /* PBXTargetDependency */ = {
			isa = PBXTargetDependency;
			target = OBJ_68 /* Result */;
			targetProxy = B418C6E11E40987B003CB343 /* PBXContainerItemProxy */;
		};
		OBJ_133 /* PBXTargetDependency */ = {
			isa = PBXTargetDependency;
			target = OBJ_68 /* Result */;
			targetProxy = B418C6E21E40987B003CB343 /* PBXContainerItemProxy */;
		};
		OBJ_144 /* PBXTargetDependency */ = {
			isa = PBXTargetDependency;
			target = OBJ_68 /* Result */;
			targetProxy = B418C6E31E40987B003CB343 /* PBXContainerItemProxy */;
		};
		OBJ_156 /* PBXTargetDependency */ = {
			isa = PBXTargetDependency;
			target = OBJ_68 /* Result */;
			targetProxy = B418C6E41E40987B003CB343 /* PBXContainerItemProxy */;
		};
		OBJ_157 /* PBXTargetDependency */ = {
			isa = PBXTargetDependency;
			target = OBJ_89 /* full */;
			targetProxy = B418C6E51E40987B003CB343 /* PBXContainerItemProxy */;
		};
		OBJ_167 /* PBXTargetDependency */ = {
			isa = PBXTargetDependency;
			target = OBJ_68 /* Result */;
			targetProxy = B418C6E61E40987B003CB343 /* PBXContainerItemProxy */;
		};
		OBJ_168 /* PBXTargetDependency */ = {
			isa = PBXTargetDependency;
			target = OBJ_112 /* simplytypedlambda */;
			targetProxy = B418C6E71E40987B003CB343 /* PBXContainerItemProxy */;
		};
		OBJ_179 /* PBXTargetDependency */ = {
			isa = PBXTargetDependency;
			target = OBJ_68 /* Result */;
			targetProxy = B418C6E81E40987B003CB343 /* PBXContainerItemProxy */;
		};
		OBJ_180 /* PBXTargetDependency */ = {
			isa = PBXTargetDependency;
			target = OBJ_123 /* untypedarithmetic */;
			targetProxy = B418C6E91E40987B003CB343 /* PBXContainerItemProxy */;
		};
		OBJ_191 /* PBXTargetDependency */ = {
			isa = PBXTargetDependency;
			target = OBJ_68 /* Result */;
			targetProxy = B418C6EA1E40987B003CB343 /* PBXContainerItemProxy */;
		};
		OBJ_192 /* PBXTargetDependency */ = {
			isa = PBXTargetDependency;
			target = OBJ_134 /* untypedlambda */;
			targetProxy = B418C6EB1E40987B003CB343 /* PBXContainerItemProxy */;
		};
		OBJ_87 /* PBXTargetDependency */ = {
			isa = PBXTargetDependency;
			target = OBJ_68 /* Result */;
			targetProxy = B418C6DE1E40987B003CB343 /* PBXContainerItemProxy */;
		};
		OBJ_88 /* PBXTargetDependency */ = {
			isa = PBXTargetDependency;
			target = OBJ_89 /* full */;
			targetProxy = B418C6DF1E40987B003CB343 /* PBXContainerItemProxy */;
		};
/* End PBXTargetDependency section */

/* Begin XCBuildConfiguration section */
		OBJ_114 /* Debug */ = {
			isa = XCBuildConfiguration;
			buildSettings = {
				ENABLE_TESTABILITY = YES;
				FRAMEWORK_SEARCH_PATHS = (
					"$(inherited)",
					"$(PLATFORM_DIR)/Developer/Library/Frameworks",
				);
				HEADER_SEARCH_PATHS = "$(inherited)";
				INFOPLIST_FILE = lind.xcodeproj/simplytypedlambda_Info.plist;
				LD_RUNPATH_SEARCH_PATHS = "$(TOOLCHAIN_DIR)/usr/lib/swift/macosx";
				OTHER_LDFLAGS = "$(inherited)";
				OTHER_SWIFT_FLAGS = "$(inherited)";
				PRODUCT_BUNDLE_IDENTIFIER = simplytypedlambda;
				PRODUCT_MODULE_NAME = "$(TARGET_NAME:c99extidentifier)";
				PRODUCT_NAME = "$(TARGET_NAME:c99extidentifier)";
				TARGET_NAME = simplytypedlambda;
			};
			name = Debug;
		};
		OBJ_115 /* Release */ = {
			isa = XCBuildConfiguration;
			buildSettings = {
				ENABLE_TESTABILITY = YES;
				FRAMEWORK_SEARCH_PATHS = (
					"$(inherited)",
					"$(PLATFORM_DIR)/Developer/Library/Frameworks",
				);
				HEADER_SEARCH_PATHS = "$(inherited)";
				INFOPLIST_FILE = lind.xcodeproj/simplytypedlambda_Info.plist;
				LD_RUNPATH_SEARCH_PATHS = "$(TOOLCHAIN_DIR)/usr/lib/swift/macosx";
				OTHER_LDFLAGS = "$(inherited)";
				OTHER_SWIFT_FLAGS = "$(inherited)";
				PRODUCT_BUNDLE_IDENTIFIER = simplytypedlambda;
				PRODUCT_MODULE_NAME = "$(TARGET_NAME:c99extidentifier)";
				PRODUCT_NAME = "$(TARGET_NAME:c99extidentifier)";
				TARGET_NAME = simplytypedlambda;
			};
			name = Release;
		};
		OBJ_125 /* Debug */ = {
			isa = XCBuildConfiguration;
			buildSettings = {
				ENABLE_TESTABILITY = YES;
				FRAMEWORK_SEARCH_PATHS = (
					"$(inherited)",
					"$(PLATFORM_DIR)/Developer/Library/Frameworks",
				);
				HEADER_SEARCH_PATHS = "$(inherited)";
				INFOPLIST_FILE = lind.xcodeproj/untypedarithmetic_Info.plist;
				LD_RUNPATH_SEARCH_PATHS = "$(TOOLCHAIN_DIR)/usr/lib/swift/macosx";
				OTHER_LDFLAGS = "$(inherited)";
				OTHER_SWIFT_FLAGS = "$(inherited)";
				PRODUCT_BUNDLE_IDENTIFIER = untypedarithmetic;
				PRODUCT_MODULE_NAME = "$(TARGET_NAME:c99extidentifier)";
				PRODUCT_NAME = "$(TARGET_NAME:c99extidentifier)";
				TARGET_NAME = untypedarithmetic;
			};
			name = Debug;
		};
		OBJ_126 /* Release */ = {
			isa = XCBuildConfiguration;
			buildSettings = {
				ENABLE_TESTABILITY = YES;
				FRAMEWORK_SEARCH_PATHS = (
					"$(inherited)",
					"$(PLATFORM_DIR)/Developer/Library/Frameworks",
				);
				HEADER_SEARCH_PATHS = "$(inherited)";
				INFOPLIST_FILE = lind.xcodeproj/untypedarithmetic_Info.plist;
				LD_RUNPATH_SEARCH_PATHS = "$(TOOLCHAIN_DIR)/usr/lib/swift/macosx";
				OTHER_LDFLAGS = "$(inherited)";
				OTHER_SWIFT_FLAGS = "$(inherited)";
				PRODUCT_BUNDLE_IDENTIFIER = untypedarithmetic;
				PRODUCT_MODULE_NAME = "$(TARGET_NAME:c99extidentifier)";
				PRODUCT_NAME = "$(TARGET_NAME:c99extidentifier)";
				TARGET_NAME = untypedarithmetic;
			};
			name = Release;
		};
		OBJ_136 /* Debug */ = {
			isa = XCBuildConfiguration;
			buildSettings = {
				ENABLE_TESTABILITY = YES;
				FRAMEWORK_SEARCH_PATHS = (
					"$(inherited)",
					"$(PLATFORM_DIR)/Developer/Library/Frameworks",
				);
				HEADER_SEARCH_PATHS = "$(inherited)";
				INFOPLIST_FILE = lind.xcodeproj/untypedlambda_Info.plist;
				LD_RUNPATH_SEARCH_PATHS = "$(TOOLCHAIN_DIR)/usr/lib/swift/macosx";
				OTHER_LDFLAGS = "$(inherited)";
				OTHER_SWIFT_FLAGS = "$(inherited)";
				PRODUCT_BUNDLE_IDENTIFIER = untypedlambda;
				PRODUCT_MODULE_NAME = "$(TARGET_NAME:c99extidentifier)";
				PRODUCT_NAME = "$(TARGET_NAME:c99extidentifier)";
				TARGET_NAME = untypedlambda;
			};
			name = Debug;
		};
		OBJ_137 /* Release */ = {
			isa = XCBuildConfiguration;
			buildSettings = {
				ENABLE_TESTABILITY = YES;
				FRAMEWORK_SEARCH_PATHS = (
					"$(inherited)",
					"$(PLATFORM_DIR)/Developer/Library/Frameworks",
				);
				HEADER_SEARCH_PATHS = "$(inherited)";
				INFOPLIST_FILE = lind.xcodeproj/untypedlambda_Info.plist;
				LD_RUNPATH_SEARCH_PATHS = "$(TOOLCHAIN_DIR)/usr/lib/swift/macosx";
				OTHER_LDFLAGS = "$(inherited)";
				OTHER_SWIFT_FLAGS = "$(inherited)";
				PRODUCT_BUNDLE_IDENTIFIER = untypedlambda;
				PRODUCT_MODULE_NAME = "$(TARGET_NAME:c99extidentifier)";
				PRODUCT_NAME = "$(TARGET_NAME:c99extidentifier)";
				TARGET_NAME = untypedlambda;
			};
			name = Release;
		};
		OBJ_147 /* Debug */ = {
			isa = XCBuildConfiguration;
			buildSettings = {
				EMBEDDED_CONTENT_CONTAINS_SWIFT = YES;
				FRAMEWORK_SEARCH_PATHS = (
					"$(inherited)",
					"$(PLATFORM_DIR)/Developer/Library/Frameworks",
				);
				HEADER_SEARCH_PATHS = "$(inherited)";
				INFOPLIST_FILE = lind.xcodeproj/fullTests_Info.plist;
				LD_RUNPATH_SEARCH_PATHS = "@loader_path/../Frameworks";
				OTHER_LDFLAGS = "$(inherited)";
				OTHER_SWIFT_FLAGS = "$(inherited)";
				TARGET_NAME = fullTests;
			};
			name = Debug;
		};
		OBJ_148 /* Release */ = {
			isa = XCBuildConfiguration;
			buildSettings = {
				EMBEDDED_CONTENT_CONTAINS_SWIFT = YES;
				FRAMEWORK_SEARCH_PATHS = (
					"$(inherited)",
					"$(PLATFORM_DIR)/Developer/Library/Frameworks",
				);
				HEADER_SEARCH_PATHS = "$(inherited)";
				INFOPLIST_FILE = lind.xcodeproj/fullTests_Info.plist;
				LD_RUNPATH_SEARCH_PATHS = "@loader_path/../Frameworks";
				OTHER_LDFLAGS = "$(inherited)";
				OTHER_SWIFT_FLAGS = "$(inherited)";
				TARGET_NAME = fullTests;
			};
			name = Release;
		};
		OBJ_160 /* Debug */ = {
			isa = XCBuildConfiguration;
			buildSettings = {
				EMBEDDED_CONTENT_CONTAINS_SWIFT = YES;
				FRAMEWORK_SEARCH_PATHS = (
					"$(inherited)",
					"$(PLATFORM_DIR)/Developer/Library/Frameworks",
				);
				HEADER_SEARCH_PATHS = "$(inherited)";
				INFOPLIST_FILE = lind.xcodeproj/simplytypedlambdaTests_Info.plist;
				LD_RUNPATH_SEARCH_PATHS = "@loader_path/../Frameworks";
				OTHER_LDFLAGS = "$(inherited)";
				OTHER_SWIFT_FLAGS = "$(inherited)";
				TARGET_NAME = simplytypedlambdaTests;
			};
			name = Debug;
		};
		OBJ_161 /* Release */ = {
			isa = XCBuildConfiguration;
			buildSettings = {
				EMBEDDED_CONTENT_CONTAINS_SWIFT = YES;
				FRAMEWORK_SEARCH_PATHS = (
					"$(inherited)",
					"$(PLATFORM_DIR)/Developer/Library/Frameworks",
				);
				HEADER_SEARCH_PATHS = "$(inherited)";
				INFOPLIST_FILE = lind.xcodeproj/simplytypedlambdaTests_Info.plist;
				LD_RUNPATH_SEARCH_PATHS = "@loader_path/../Frameworks";
				OTHER_LDFLAGS = "$(inherited)";
				OTHER_SWIFT_FLAGS = "$(inherited)";
				TARGET_NAME = simplytypedlambdaTests;
			};
			name = Release;
		};
		OBJ_171 /* Debug */ = {
			isa = XCBuildConfiguration;
			buildSettings = {
				EMBEDDED_CONTENT_CONTAINS_SWIFT = YES;
				FRAMEWORK_SEARCH_PATHS = (
					"$(inherited)",
					"$(PLATFORM_DIR)/Developer/Library/Frameworks",
				);
				HEADER_SEARCH_PATHS = "$(inherited)";
				INFOPLIST_FILE = lind.xcodeproj/untypedarithmeticTests_Info.plist;
				LD_RUNPATH_SEARCH_PATHS = "@loader_path/../Frameworks";
				OTHER_LDFLAGS = "$(inherited)";
				OTHER_SWIFT_FLAGS = "$(inherited)";
				TARGET_NAME = untypedarithmeticTests;
			};
			name = Debug;
		};
		OBJ_172 /* Release */ = {
			isa = XCBuildConfiguration;
			buildSettings = {
				EMBEDDED_CONTENT_CONTAINS_SWIFT = YES;
				FRAMEWORK_SEARCH_PATHS = (
					"$(inherited)",
					"$(PLATFORM_DIR)/Developer/Library/Frameworks",
				);
				HEADER_SEARCH_PATHS = "$(inherited)";
				INFOPLIST_FILE = lind.xcodeproj/untypedarithmeticTests_Info.plist;
				LD_RUNPATH_SEARCH_PATHS = "@loader_path/../Frameworks";
				OTHER_LDFLAGS = "$(inherited)";
				OTHER_SWIFT_FLAGS = "$(inherited)";
				TARGET_NAME = untypedarithmeticTests;
			};
			name = Release;
		};
		OBJ_183 /* Debug */ = {
			isa = XCBuildConfiguration;
			buildSettings = {
				EMBEDDED_CONTENT_CONTAINS_SWIFT = YES;
				FRAMEWORK_SEARCH_PATHS = (
					"$(inherited)",
					"$(PLATFORM_DIR)/Developer/Library/Frameworks",
				);
				HEADER_SEARCH_PATHS = "$(inherited)";
				INFOPLIST_FILE = lind.xcodeproj/untypedlambdaTests_Info.plist;
				LD_RUNPATH_SEARCH_PATHS = "@loader_path/../Frameworks";
				OTHER_LDFLAGS = "$(inherited)";
				OTHER_SWIFT_FLAGS = "$(inherited)";
				TARGET_NAME = untypedlambdaTests;
			};
			name = Debug;
		};
		OBJ_184 /* Release */ = {
			isa = XCBuildConfiguration;
			buildSettings = {
				EMBEDDED_CONTENT_CONTAINS_SWIFT = YES;
				FRAMEWORK_SEARCH_PATHS = (
					"$(inherited)",
					"$(PLATFORM_DIR)/Developer/Library/Frameworks",
				);
				HEADER_SEARCH_PATHS = "$(inherited)";
				INFOPLIST_FILE = lind.xcodeproj/untypedlambdaTests_Info.plist;
				LD_RUNPATH_SEARCH_PATHS = "@loader_path/../Frameworks";
				OTHER_LDFLAGS = "$(inherited)";
				OTHER_SWIFT_FLAGS = "$(inherited)";
				TARGET_NAME = untypedlambdaTests;
			};
			name = Release;
		};
		OBJ_3 /* Debug */ = {
			isa = XCBuildConfiguration;
			buildSettings = {
				COMBINE_HIDPI_IMAGES = YES;
				COPY_PHASE_STRIP = NO;
				DEBUG_INFORMATION_FORMAT = dwarf;
				DYLIB_INSTALL_NAME_BASE = "@rpath";
				ENABLE_NS_ASSERTIONS = YES;
				GCC_OPTIMIZATION_LEVEL = 0;
				MACOSX_DEPLOYMENT_TARGET = 10.10;
				ONLY_ACTIVE_ARCH = YES;
				OTHER_SWIFT_FLAGS = "-DXcode";
				PRODUCT_NAME = "$(TARGET_NAME)";
				SDKROOT = macosx;
				SUPPORTED_PLATFORMS = "macosx iphoneos iphonesimulator appletvos appletvsimulator watchos watchsimulator";
				SWIFT_ACTIVE_COMPILATION_CONDITIONS = SWIFT_PACKAGE;
				SWIFT_OPTIMIZATION_LEVEL = "-Onone";
				SWIFT_VERSION = 3.0;
				USE_HEADERMAP = NO;
			};
			name = Debug;
		};
		OBJ_4 /* Release */ = {
			isa = XCBuildConfiguration;
			buildSettings = {
				COMBINE_HIDPI_IMAGES = YES;
				COPY_PHASE_STRIP = YES;
				DEBUG_INFORMATION_FORMAT = "dwarf-with-dsym";
				DYLIB_INSTALL_NAME_BASE = "@rpath";
				GCC_OPTIMIZATION_LEVEL = s;
				MACOSX_DEPLOYMENT_TARGET = 10.10;
				OTHER_SWIFT_FLAGS = "-DXcode";
				PRODUCT_NAME = "$(TARGET_NAME)";
				SDKROOT = macosx;
				SUPPORTED_PLATFORMS = "macosx iphoneos iphonesimulator appletvos appletvsimulator watchos watchsimulator";
				SWIFT_ACTIVE_COMPILATION_CONDITIONS = SWIFT_PACKAGE;
				SWIFT_OPTIMIZATION_LEVEL = "-O";
				SWIFT_VERSION = 3.0;
				USE_HEADERMAP = NO;
			};
			name = Release;
		};
		OBJ_70 /* Debug */ = {
			isa = XCBuildConfiguration;
			buildSettings = {
				ENABLE_TESTABILITY = YES;
				FRAMEWORK_SEARCH_PATHS = (
					"$(inherited)",
					"$(PLATFORM_DIR)/Developer/Library/Frameworks",
				);
				HEADER_SEARCH_PATHS = "$(inherited)";
				INFOPLIST_FILE = lind.xcodeproj/Result_Info.plist;
				LD_RUNPATH_SEARCH_PATHS = "$(TOOLCHAIN_DIR)/usr/lib/swift/macosx";
				OTHER_LDFLAGS = "$(inherited)";
				OTHER_SWIFT_FLAGS = "$(inherited)";
				PRODUCT_BUNDLE_IDENTIFIER = Result;
				PRODUCT_MODULE_NAME = "$(TARGET_NAME:c99extidentifier)";
				PRODUCT_NAME = "$(TARGET_NAME:c99extidentifier)";
				TARGET_NAME = Result;
			};
			name = Debug;
		};
		OBJ_71 /* Release */ = {
			isa = XCBuildConfiguration;
			buildSettings = {
				ENABLE_TESTABILITY = YES;
				FRAMEWORK_SEARCH_PATHS = (
					"$(inherited)",
					"$(PLATFORM_DIR)/Developer/Library/Frameworks",
				);
				HEADER_SEARCH_PATHS = "$(inherited)";
				INFOPLIST_FILE = lind.xcodeproj/Result_Info.plist;
				LD_RUNPATH_SEARCH_PATHS = "$(TOOLCHAIN_DIR)/usr/lib/swift/macosx";
				OTHER_LDFLAGS = "$(inherited)";
				OTHER_SWIFT_FLAGS = "$(inherited)";
				PRODUCT_BUNDLE_IDENTIFIER = Result;
				PRODUCT_MODULE_NAME = "$(TARGET_NAME:c99extidentifier)";
				PRODUCT_NAME = "$(TARGET_NAME:c99extidentifier)";
				TARGET_NAME = Result;
			};
			name = Release;
		};
		OBJ_78 /* Debug */ = {
			isa = XCBuildConfiguration;
			buildSettings = {
				FRAMEWORK_SEARCH_PATHS = (
					"$(inherited)",
					"$(PLATFORM_DIR)/Developer/Library/Frameworks",
				);
				HEADER_SEARCH_PATHS = "$(inherited)";
				INFOPLIST_FILE = lind.xcodeproj/albovagen_Info.plist;
				LD_RUNPATH_SEARCH_PATHS = "$(TOOLCHAIN_DIR)/usr/lib/swift/macosx @executable_path";
				OTHER_LDFLAGS = "$(inherited)";
				OTHER_SWIFT_FLAGS = "$(inherited)";
				SWIFT_FORCE_DYNAMIC_LINK_STDLIB = YES;
				SWIFT_FORCE_STATIC_LINK_STDLIB = NO;
				TARGET_NAME = albovagen;
			};
			name = Debug;
		};
		OBJ_79 /* Release */ = {
			isa = XCBuildConfiguration;
			buildSettings = {
				FRAMEWORK_SEARCH_PATHS = (
					"$(inherited)",
					"$(PLATFORM_DIR)/Developer/Library/Frameworks",
				);
				HEADER_SEARCH_PATHS = "$(inherited)";
				INFOPLIST_FILE = lind.xcodeproj/albovagen_Info.plist;
				LD_RUNPATH_SEARCH_PATHS = "$(TOOLCHAIN_DIR)/usr/lib/swift/macosx @executable_path";
				OTHER_LDFLAGS = "$(inherited)";
				OTHER_SWIFT_FLAGS = "$(inherited)";
				SWIFT_FORCE_DYNAMIC_LINK_STDLIB = YES;
				SWIFT_FORCE_STATIC_LINK_STDLIB = NO;
				TARGET_NAME = albovagen;
			};
			name = Release;
		};
		OBJ_91 /* Debug */ = {
			isa = XCBuildConfiguration;
			buildSettings = {
				ENABLE_TESTABILITY = YES;
				FRAMEWORK_SEARCH_PATHS = (
					"$(inherited)",
					"$(PLATFORM_DIR)/Developer/Library/Frameworks",
				);
				HEADER_SEARCH_PATHS = "$(inherited)";
				INFOPLIST_FILE = lind.xcodeproj/full_Info.plist;
				LD_RUNPATH_SEARCH_PATHS = "$(TOOLCHAIN_DIR)/usr/lib/swift/macosx";
				OTHER_LDFLAGS = "$(inherited)";
				OTHER_SWIFT_FLAGS = "$(inherited)";
				PRODUCT_BUNDLE_IDENTIFIER = full;
				PRODUCT_MODULE_NAME = "$(TARGET_NAME:c99extidentifier)";
				PRODUCT_NAME = "$(TARGET_NAME:c99extidentifier)";
				TARGET_NAME = full;
			};
			name = Debug;
		};
		OBJ_92 /* Release */ = {
			isa = XCBuildConfiguration;
			buildSettings = {
				ENABLE_TESTABILITY = YES;
				FRAMEWORK_SEARCH_PATHS = (
					"$(inherited)",
					"$(PLATFORM_DIR)/Developer/Library/Frameworks",
				);
				HEADER_SEARCH_PATHS = "$(inherited)";
				INFOPLIST_FILE = lind.xcodeproj/full_Info.plist;
				LD_RUNPATH_SEARCH_PATHS = "$(TOOLCHAIN_DIR)/usr/lib/swift/macosx";
				OTHER_LDFLAGS = "$(inherited)";
				OTHER_SWIFT_FLAGS = "$(inherited)";
				PRODUCT_BUNDLE_IDENTIFIER = full;
				PRODUCT_MODULE_NAME = "$(TARGET_NAME:c99extidentifier)";
				PRODUCT_NAME = "$(TARGET_NAME:c99extidentifier)";
				TARGET_NAME = full;
			};
			name = Release;
		};
/* End XCBuildConfiguration section */

/* Begin XCConfigurationList section */
		OBJ_113 /* Build configuration list for PBXNativeTarget "simplytypedlambda" */ = {
			isa = XCConfigurationList;
			buildConfigurations = (
				OBJ_114 /* Debug */,
				OBJ_115 /* Release */,
			);
			defaultConfigurationIsVisible = 0;
			defaultConfigurationName = Debug;
		};
		OBJ_124 /* Build configuration list for PBXNativeTarget "untypedarithmetic" */ = {
			isa = XCConfigurationList;
			buildConfigurations = (
				OBJ_125 /* Debug */,
				OBJ_126 /* Release */,
			);
			defaultConfigurationIsVisible = 0;
			defaultConfigurationName = Debug;
		};
		OBJ_135 /* Build configuration list for PBXNativeTarget "untypedlambda" */ = {
			isa = XCConfigurationList;
			buildConfigurations = (
				OBJ_136 /* Debug */,
				OBJ_137 /* Release */,
			);
			defaultConfigurationIsVisible = 0;
			defaultConfigurationName = Debug;
		};
		OBJ_146 /* Build configuration list for PBXNativeTarget "fullTests" */ = {
			isa = XCConfigurationList;
			buildConfigurations = (
				OBJ_147 /* Debug */,
				OBJ_148 /* Release */,
			);
			defaultConfigurationIsVisible = 0;
			defaultConfigurationName = Debug;
		};
		OBJ_159 /* Build configuration list for PBXNativeTarget "simplytypedlambdaTests" */ = {
			isa = XCConfigurationList;
			buildConfigurations = (
				OBJ_160 /* Debug */,
				OBJ_161 /* Release */,
			);
			defaultConfigurationIsVisible = 0;
			defaultConfigurationName = Debug;
		};
		OBJ_170 /* Build configuration list for PBXNativeTarget "untypedarithmeticTests" */ = {
			isa = XCConfigurationList;
			buildConfigurations = (
				OBJ_171 /* Debug */,
				OBJ_172 /* Release */,
			);
			defaultConfigurationIsVisible = 0;
			defaultConfigurationName = Debug;
		};
		OBJ_182 /* Build configuration list for PBXNativeTarget "untypedlambdaTests" */ = {
			isa = XCConfigurationList;
			buildConfigurations = (
				OBJ_183 /* Debug */,
				OBJ_184 /* Release */,
			);
			defaultConfigurationIsVisible = 0;
			defaultConfigurationName = Debug;
		};
		OBJ_2 /* Build configuration list for PBXProject "lind" */ = {
			isa = XCConfigurationList;
			buildConfigurations = (
				OBJ_3 /* Debug */,
				OBJ_4 /* Release */,
			);
			defaultConfigurationIsVisible = 0;
			defaultConfigurationName = Debug;
		};
		OBJ_69 /* Build configuration list for PBXNativeTarget "Result" */ = {
			isa = XCConfigurationList;
			buildConfigurations = (
				OBJ_70 /* Debug */,
				OBJ_71 /* Release */,
			);
			defaultConfigurationIsVisible = 0;
			defaultConfigurationName = Debug;
		};
		OBJ_77 /* Build configuration list for PBXNativeTarget "albovagen" */ = {
			isa = XCConfigurationList;
			buildConfigurations = (
				OBJ_78 /* Debug */,
				OBJ_79 /* Release */,
			);
			defaultConfigurationIsVisible = 0;
			defaultConfigurationName = Debug;
		};
		OBJ_90 /* Build configuration list for PBXNativeTarget "full" */ = {
			isa = XCConfigurationList;
			buildConfigurations = (
				OBJ_91 /* Debug */,
				OBJ_92 /* Release */,
			);
			defaultConfigurationIsVisible = 0;
			defaultConfigurationName = Debug;
		};
/* End XCConfigurationList section */
	};
	rootObject = OBJ_1 /* Project object */;
}
