// !$*UTF8*$!
{
	archiveVersion = 1;
	classes = {
	};
	objectVersion = 46;
	objects = {

/* Begin PBXBuildFile section */
		B439F77F1DE68A9B00921932 /* main.swift in Sources */ = {isa = PBXBuildFile; fileRef = B439F77E1DE68A9B00921932 /* main.swift */; };
		B439F7841DE68AF600921932 /* console.swift in Sources */ = {isa = PBXBuildFile; fileRef = B439F7831DE68AF600921932 /* console.swift */; };
		B439F7861DE68D4600921932 /* evaluation.swift in Sources */ = {isa = PBXBuildFile; fileRef = B439F7851DE68D4600921932 /* evaluation.swift */; };
		B47AB14A1D7FF67600586FDB /* ParserTests.swift in Sources */ = {isa = PBXBuildFile; fileRef = B47AB1491D7FF67600586FDB /* ParserTests.swift */; };
		B47AB1521D7FF6CA00586FDB /* STLCParser.swift in Sources */ = {isa = PBXBuildFile; fileRef = B49B768C1D7CC15D0062464C /* STLCParser.swift */; };
		B47AB1531D7FF6CE00586FDB /* STLCTypes.swift in Sources */ = {isa = PBXBuildFile; fileRef = B49B76871D7CB7DD0062464C /* STLCTypes.swift */; };
		B4838DC11DFE211D00625B96 /* EvaluationError.swift in Sources */ = {isa = PBXBuildFile; fileRef = B4E54A021DFE1F3900157AA2 /* EvaluationError.swift */; };
		B4838DC41DFE3B2A00625B96 /* Type.swift in Sources */ = {isa = PBXBuildFile; fileRef = B4838DC31DFE3B2A00625B96 /* Type.swift */; };
		B4838DC51DFE3B2A00625B96 /* Type.swift in Sources */ = {isa = PBXBuildFile; fileRef = B4838DC31DFE3B2A00625B96 /* Type.swift */; };
		B4838DC71DFE3BFE00625B96 /* Term.swift in Sources */ = {isa = PBXBuildFile; fileRef = B4838DC61DFE3BFE00625B96 /* Term.swift */; };
		B4838DC81DFE3BFE00625B96 /* Term.swift in Sources */ = {isa = PBXBuildFile; fileRef = B4838DC61DFE3BFE00625B96 /* Term.swift */; };
		B4838DCB1DFE3FF600625B96 /* Parsing.swift in Sources */ = {isa = PBXBuildFile; fileRef = B4838DCA1DFE3FF600625B96 /* Parsing.swift */; };
		B4838DCC1DFE3FF600625B96 /* Parsing.swift in Sources */ = {isa = PBXBuildFile; fileRef = B4838DCA1DFE3FF600625B96 /* Parsing.swift */; };
		B4838DCE1DFE4E4300625B96 /* TypeChecking.swift in Sources */ = {isa = PBXBuildFile; fileRef = B4838DCD1DFE4E4300625B96 /* TypeChecking.swift */; };
		B4838DCF1DFE4E4300625B96 /* TypeChecking.swift in Sources */ = {isa = PBXBuildFile; fileRef = B4838DCD1DFE4E4300625B96 /* TypeChecking.swift */; };
		B4838DD11DFE9C8900625B96 /* TypeError.swift in Sources */ = {isa = PBXBuildFile; fileRef = B4E549FF1DFE0DB300157AA2 /* TypeError.swift */; };
		B496D2D71E10B29200E2779C /* Evaluation.swift in Sources */ = {isa = PBXBuildFile; fileRef = B496D2D61E10B29200E2779C /* Evaluation.swift */; };
		B49B76151D740DFE0062464C /* lind.h in Headers */ = {isa = PBXBuildFile; fileRef = B49B76141D740DFE0062464C /* lind.h */; settings = {ATTRIBUTES = (Public, ); }; };
		B49B761C1D740DFE0062464C /* lind.framework in Frameworks */ = {isa = PBXBuildFile; fileRef = B49B76111D740DFE0062464C /* lind.framework */; };
		B49B762C1D740E0E0062464C /* Parser.swift in Sources */ = {isa = PBXBuildFile; fileRef = B49B762B1D740E0E0062464C /* Parser.swift */; };
		B49B764A1D740EBA0062464C /* Result.framework in Frameworks */ = {isa = PBXBuildFile; fileRef = B49B76391D740EA80062464C /* Result.framework */; };
		B49B764C1D740F980062464C /* Reply.swift in Sources */ = {isa = PBXBuildFile; fileRef = B49B764B1D740F980062464C /* Reply.swift */; };
		B49B764E1D740F9F0062464C /* ParseError.swift in Sources */ = {isa = PBXBuildFile; fileRef = B49B764D1D740F9F0062464C /* ParseError.swift */; };
		B49B76501D740FFD0062464C /* Prelude.swift in Sources */ = {isa = PBXBuildFile; fileRef = B49B764F1D740FFD0062464C /* Prelude.swift */; };
		B49B76521D74102C0062464C /* Parser+UnicodeScalars.swift in Sources */ = {isa = PBXBuildFile; fileRef = B49B76511D74102C0062464C /* Parser+UnicodeScalars.swift */; };
		B49B76541D74107F0062464C /* UnicodeScalarView+Helpers.swift in Sources */ = {isa = PBXBuildFile; fileRef = B49B76531D74107F0062464C /* UnicodeScalarView+Helpers.swift */; };
		B49B76561D7410E40062464C /* Parser+Combinators.swift in Sources */ = {isa = PBXBuildFile; fileRef = B49B76551D7410E40062464C /* Parser+Combinators.swift */; };
		B49B76581D74117C0062464C /* UATerms.swift in Sources */ = {isa = PBXBuildFile; fileRef = B49B76571D74117C0062464C /* UATerms.swift */; };
		B49B765A1D7412650062464C /* UAParser.swift in Sources */ = {isa = PBXBuildFile; fileRef = B49B76591D7412650062464C /* UAParser.swift */; };
		B49B765D1D7413420062464C /* UAParserTests.swift in Sources */ = {isa = PBXBuildFile; fileRef = B49B765C1D7413420062464C /* UAParserTests.swift */; };
		B49B765E1D74171B0062464C /* UAParser.swift in Sources */ = {isa = PBXBuildFile; fileRef = B49B76591D7412650062464C /* UAParser.swift */; };
		B49B765F1D7417670062464C /* Parser.swift in Sources */ = {isa = PBXBuildFile; fileRef = B49B762B1D740E0E0062464C /* Parser.swift */; };
		B49B76601D7417670062464C /* Parser+UnicodeScalars.swift in Sources */ = {isa = PBXBuildFile; fileRef = B49B76511D74102C0062464C /* Parser+UnicodeScalars.swift */; };
		B49B76611D7417670062464C /* Parser+Combinators.swift in Sources */ = {isa = PBXBuildFile; fileRef = B49B76551D7410E40062464C /* Parser+Combinators.swift */; };
		B49B76621D7417670062464C /* Reply.swift in Sources */ = {isa = PBXBuildFile; fileRef = B49B764B1D740F980062464C /* Reply.swift */; };
		B49B76631D7417670062464C /* ParseError.swift in Sources */ = {isa = PBXBuildFile; fileRef = B49B764D1D740F9F0062464C /* ParseError.swift */; };
		B49B76641D7417670062464C /* Prelude.swift in Sources */ = {isa = PBXBuildFile; fileRef = B49B764F1D740FFD0062464C /* Prelude.swift */; };
		B49B76661D7417670062464C /* UATerms.swift in Sources */ = {isa = PBXBuildFile; fileRef = B49B76571D74117C0062464C /* UATerms.swift */; };
		B49B76681D741FBC0062464C /* UAEvaluator.swift in Sources */ = {isa = PBXBuildFile; fileRef = B49B76671D741FBC0062464C /* UAEvaluator.swift */; };
		B49B766A1D7423780062464C /* UAEvaluationTests.swift in Sources */ = {isa = PBXBuildFile; fileRef = B49B76691D7423780062464C /* UAEvaluationTests.swift */; };
		B49B766B1D7423F90062464C /* UAEvaluator.swift in Sources */ = {isa = PBXBuildFile; fileRef = B49B76671D741FBC0062464C /* UAEvaluator.swift */; };
		B49B76721D75519A0062464C /* ULCTerms.swift in Sources */ = {isa = PBXBuildFile; fileRef = B49B76711D75519A0062464C /* ULCTerms.swift */; };
		B49B76731D7552600062464C /* ULCTerms.swift in Sources */ = {isa = PBXBuildFile; fileRef = B49B76711D75519A0062464C /* ULCTerms.swift */; };
		B49B76751D75526E0062464C /* ULCParser.swift in Sources */ = {isa = PBXBuildFile; fileRef = B49B76741D75526E0062464C /* ULCParser.swift */; };
		B49B76771D7570EE0062464C /* ULCParserTests.swift in Sources */ = {isa = PBXBuildFile; fileRef = B49B76761D7570EE0062464C /* ULCParserTests.swift */; };
		B49B76781D757A180062464C /* ULCParser.swift in Sources */ = {isa = PBXBuildFile; fileRef = B49B76741D75526E0062464C /* ULCParser.swift */; };
		B49B767A1D76C6BC0062464C /* ULCEvaluation.swift in Sources */ = {isa = PBXBuildFile; fileRef = B49B76791D76C6BC0062464C /* ULCEvaluation.swift */; };
		B49B76811D7B86190062464C /* Dictionary+Helpers.swift in Sources */ = {isa = PBXBuildFile; fileRef = B49B76801D7B86190062464C /* Dictionary+Helpers.swift */; };
		B49B76821D7B93DC0062464C /* Dictionary+Helpers.swift in Sources */ = {isa = PBXBuildFile; fileRef = B49B76801D7B86190062464C /* Dictionary+Helpers.swift */; };
		B49B76841D7C10210062464C /* ULCEvaluationTests.swift in Sources */ = {isa = PBXBuildFile; fileRef = B49B76831D7C10210062464C /* ULCEvaluationTests.swift */; };
		B49B76851D7C102A0062464C /* ULCEvaluation.swift in Sources */ = {isa = PBXBuildFile; fileRef = B49B76791D76C6BC0062464C /* ULCEvaluation.swift */; };
		B49B76881D7CB7DD0062464C /* STLCTypes.swift in Sources */ = {isa = PBXBuildFile; fileRef = B49B76871D7CB7DD0062464C /* STLCTypes.swift */; };
		B49B768A1D7CB82E0062464C /* STLCTypeChecker.swift in Sources */ = {isa = PBXBuildFile; fileRef = B49B76891D7CB82E0062464C /* STLCTypeChecker.swift */; };
		B49B768D1D7CC15D0062464C /* STLCParser.swift in Sources */ = {isa = PBXBuildFile; fileRef = B49B768C1D7CC15D0062464C /* STLCParser.swift */; };
		B4AD1D871D813BC50033FEB3 /* STLCTypeCheckerTests.swift in Sources */ = {isa = PBXBuildFile; fileRef = B4AD1D861D813BC50033FEB3 /* STLCTypeCheckerTests.swift */; };
		B4AD1D8F1D813BEB0033FEB3 /* STLCTypeChecker.swift in Sources */ = {isa = PBXBuildFile; fileRef = B49B76891D7CB82E0062464C /* STLCTypeChecker.swift */; };
		B4E549FE1DEEADBF00157AA2 /* Config.xcconfig in Resources */ = {isa = PBXBuildFile; fileRef = B4E549FD1DEEADBF00157AA2 /* Config.xcconfig */; };
		B4E54A001DFE0DB300157AA2 /* TypeError.swift in Sources */ = {isa = PBXBuildFile; fileRef = B4E549FF1DFE0DB300157AA2 /* TypeError.swift */; };
		B4E54A031DFE1F3900157AA2 /* EvaluationError.swift in Sources */ = {isa = PBXBuildFile; fileRef = B4E54A021DFE1F3900157AA2 /* EvaluationError.swift */; };
/* End PBXBuildFile section */

/* Begin PBXContainerItemProxy section */
		B439F78B1DE77C8400921932 /* PBXContainerItemProxy */ = {
			isa = PBXContainerItemProxy;
			containerPortal = B49B76081D740DFE0062464C /* Project object */;
			proxyType = 1;
			remoteGlobalIDString = B49B76101D740DFE0062464C;
			remoteInfo = lind;
		};
		B49B761D1D740DFE0062464C /* PBXContainerItemProxy */ = {
			isa = PBXContainerItemProxy;
			containerPortal = B49B76081D740DFE0062464C /* Project object */;
			proxyType = 1;
			remoteGlobalIDString = B49B76101D740DFE0062464C;
			remoteInfo = lind;
		};
		B49B76381D740EA80062464C /* PBXContainerItemProxy */ = {
			isa = PBXContainerItemProxy;
			containerPortal = B49B762D1D740EA80062464C /* Result.xcodeproj */;
			proxyType = 2;
			remoteGlobalIDString = D45480571A9572F5009D7229;
			remoteInfo = "Result-Mac";
		};
		B49B763A1D740EA80062464C /* PBXContainerItemProxy */ = {
			isa = PBXContainerItemProxy;
			containerPortal = B49B762D1D740EA80062464C /* Result.xcodeproj */;
			proxyType = 2;
			remoteGlobalIDString = D45480671A9572F5009D7229;
			remoteInfo = "Result-MacTests";
		};
		B49B763C1D740EA80062464C /* PBXContainerItemProxy */ = {
			isa = PBXContainerItemProxy;
			containerPortal = B49B762D1D740EA80062464C /* Result.xcodeproj */;
			proxyType = 2;
			remoteGlobalIDString = D454807D1A957361009D7229;
			remoteInfo = "Result-iOS";
		};
		B49B763E1D740EA80062464C /* PBXContainerItemProxy */ = {
			isa = PBXContainerItemProxy;
			containerPortal = B49B762D1D740EA80062464C /* Result.xcodeproj */;
			proxyType = 2;
			remoteGlobalIDString = D45480871A957362009D7229;
			remoteInfo = "Result-iOSTests";
		};
		B49B76401D740EA80062464C /* PBXContainerItemProxy */ = {
			isa = PBXContainerItemProxy;
			containerPortal = B49B762D1D740EA80062464C /* Result.xcodeproj */;
			proxyType = 2;
			remoteGlobalIDString = 57FCDE471BA280DC00130C48;
			remoteInfo = "Result-tvOS";
		};
		B49B76421D740EA80062464C /* PBXContainerItemProxy */ = {
			isa = PBXContainerItemProxy;
			containerPortal = B49B762D1D740EA80062464C /* Result.xcodeproj */;
			proxyType = 2;
			remoteGlobalIDString = 57FCDE541BA280E000130C48;
			remoteInfo = "Result-tvOSTests";
		};
		B49B76441D740EA80062464C /* PBXContainerItemProxy */ = {
			isa = PBXContainerItemProxy;
			containerPortal = B49B762D1D740EA80062464C /* Result.xcodeproj */;
			proxyType = 2;
			remoteGlobalIDString = D03579A31B2B788F005D26AE;
			remoteInfo = "Result-watchOS";
		};
		B49B76461D740EA80062464C /* PBXContainerItemProxy */ = {
			isa = PBXContainerItemProxy;
			containerPortal = B49B762D1D740EA80062464C /* Result.xcodeproj */;
			proxyType = 2;
			remoteGlobalIDString = D03579B01B2B78A1005D26AE;
			remoteInfo = "Result-watchOSTests";
		};
		B49B76481D740EB50062464C /* PBXContainerItemProxy */ = {
			isa = PBXContainerItemProxy;
			containerPortal = B49B762D1D740EA80062464C /* Result.xcodeproj */;
			proxyType = 1;
			remoteGlobalIDString = D45480561A9572F5009D7229;
			remoteInfo = "Result-Mac";
		};
/* End PBXContainerItemProxy section */

/* Begin PBXCopyFilesBuildPhase section */
		B439F77A1DE68A9B00921932 /* CopyFiles */ = {
			isa = PBXCopyFilesBuildPhase;
			buildActionMask = 2147483647;
			dstPath = /usr/share/man/man1/;
			dstSubfolderSpec = 0;
			files = (
			);
			runOnlyForDeploymentPostprocessing = 1;
		};
/* End PBXCopyFilesBuildPhase section */

/* Begin PBXFileReference section */
		B439F77C1DE68A9B00921932 /* albovagen */ = {isa = PBXFileReference; explicitFileType = "compiled.mach-o.executable"; includeInIndex = 0; path = albovagen; sourceTree = BUILT_PRODUCTS_DIR; };
		B439F77E1DE68A9B00921932 /* main.swift */ = {isa = PBXFileReference; lastKnownFileType = sourcecode.swift; path = main.swift; sourceTree = "<group>"; };
		B439F7831DE68AF600921932 /* console.swift */ = {isa = PBXFileReference; fileEncoding = 4; lastKnownFileType = sourcecode.swift; path = console.swift; sourceTree = "<group>"; };
		B439F7851DE68D4600921932 /* evaluation.swift */ = {isa = PBXFileReference; fileEncoding = 4; lastKnownFileType = sourcecode.swift; path = evaluation.swift; sourceTree = "<group>"; };
		B47AB1491D7FF67600586FDB /* ParserTests.swift */ = {isa = PBXFileReference; fileEncoding = 4; lastKnownFileType = sourcecode.swift; path = ParserTests.swift; sourceTree = "<group>"; };
		B4838DC31DFE3B2A00625B96 /* Type.swift */ = {isa = PBXFileReference; fileEncoding = 4; lastKnownFileType = sourcecode.swift; path = Type.swift; sourceTree = "<group>"; };
		B4838DC61DFE3BFE00625B96 /* Term.swift */ = {isa = PBXFileReference; fileEncoding = 4; lastKnownFileType = sourcecode.swift; path = Term.swift; sourceTree = "<group>"; };
		B4838DCA1DFE3FF600625B96 /* Parsing.swift */ = {isa = PBXFileReference; fileEncoding = 4; lastKnownFileType = sourcecode.swift; path = Parsing.swift; sourceTree = "<group>"; };
		B4838DCD1DFE4E4300625B96 /* TypeChecking.swift */ = {isa = PBXFileReference; fileEncoding = 4; lastKnownFileType = sourcecode.swift; path = TypeChecking.swift; sourceTree = "<group>"; };
		B496D2D61E10B29200E2779C /* Evaluation.swift */ = {isa = PBXFileReference; fileEncoding = 4; lastKnownFileType = sourcecode.swift; path = Evaluation.swift; sourceTree = "<group>"; };
		B49B76111D740DFE0062464C /* lind.framework */ = {isa = PBXFileReference; explicitFileType = wrapper.framework; includeInIndex = 0; path = lind.framework; sourceTree = BUILT_PRODUCTS_DIR; };
		B49B76141D740DFE0062464C /* lind.h */ = {isa = PBXFileReference; lastKnownFileType = sourcecode.c.h; path = lind.h; sourceTree = "<group>"; };
		B49B76161D740DFE0062464C /* Info.plist */ = {isa = PBXFileReference; lastKnownFileType = text.plist.xml; path = Info.plist; sourceTree = "<group>"; };
		B49B761B1D740DFE0062464C /* lindTests.xctest */ = {isa = PBXFileReference; explicitFileType = wrapper.cfbundle; includeInIndex = 0; path = lindTests.xctest; sourceTree = BUILT_PRODUCTS_DIR; };
		B49B76221D740DFF0062464C /* Info.plist */ = {isa = PBXFileReference; lastKnownFileType = text.plist.xml; path = Info.plist; sourceTree = "<group>"; };
		B49B762B1D740E0E0062464C /* Parser.swift */ = {isa = PBXFileReference; fileEncoding = 4; lastKnownFileType = sourcecode.swift; path = Parser.swift; sourceTree = "<group>"; };
		B49B762D1D740EA80062464C /* Result.xcodeproj */ = {isa = PBXFileReference; lastKnownFileType = "wrapper.pb-project"; name = Result.xcodeproj; path = Carthage/Checkouts/Result/Result.xcodeproj; sourceTree = "<group>"; };
		B49B764B1D740F980062464C /* Reply.swift */ = {isa = PBXFileReference; fileEncoding = 4; lastKnownFileType = sourcecode.swift; path = Reply.swift; sourceTree = "<group>"; };
		B49B764D1D740F9F0062464C /* ParseError.swift */ = {isa = PBXFileReference; fileEncoding = 4; lastKnownFileType = sourcecode.swift; path = ParseError.swift; sourceTree = "<group>"; };
		B49B764F1D740FFD0062464C /* Prelude.swift */ = {isa = PBXFileReference; fileEncoding = 4; lastKnownFileType = sourcecode.swift; path = Prelude.swift; sourceTree = "<group>"; };
		B49B76511D74102C0062464C /* Parser+UnicodeScalars.swift */ = {isa = PBXFileReference; fileEncoding = 4; lastKnownFileType = sourcecode.swift; path = "Parser+UnicodeScalars.swift"; sourceTree = "<group>"; };
		B49B76531D74107F0062464C /* UnicodeScalarView+Helpers.swift */ = {isa = PBXFileReference; fileEncoding = 4; lastKnownFileType = sourcecode.swift; path = "UnicodeScalarView+Helpers.swift"; sourceTree = "<group>"; };
		B49B76551D7410E40062464C /* Parser+Combinators.swift */ = {isa = PBXFileReference; fileEncoding = 4; lastKnownFileType = sourcecode.swift; path = "Parser+Combinators.swift"; sourceTree = "<group>"; };
		B49B76571D74117C0062464C /* UATerms.swift */ = {isa = PBXFileReference; fileEncoding = 4; lastKnownFileType = sourcecode.swift; path = UATerms.swift; sourceTree = "<group>"; };
		B49B76591D7412650062464C /* UAParser.swift */ = {isa = PBXFileReference; fileEncoding = 4; lastKnownFileType = sourcecode.swift; path = UAParser.swift; sourceTree = "<group>"; };
		B49B765C1D7413420062464C /* UAParserTests.swift */ = {isa = PBXFileReference; fileEncoding = 4; lastKnownFileType = sourcecode.swift; path = UAParserTests.swift; sourceTree = "<group>"; };
		B49B76671D741FBC0062464C /* UAEvaluator.swift */ = {isa = PBXFileReference; fileEncoding = 4; lastKnownFileType = sourcecode.swift; path = UAEvaluator.swift; sourceTree = "<group>"; };
		B49B76691D7423780062464C /* UAEvaluationTests.swift */ = {isa = PBXFileReference; fileEncoding = 4; lastKnownFileType = sourcecode.swift; path = UAEvaluationTests.swift; sourceTree = "<group>"; };
		B49B76711D75519A0062464C /* ULCTerms.swift */ = {isa = PBXFileReference; fileEncoding = 4; lastKnownFileType = sourcecode.swift; path = ULCTerms.swift; sourceTree = "<group>"; };
		B49B76741D75526E0062464C /* ULCParser.swift */ = {isa = PBXFileReference; fileEncoding = 4; lastKnownFileType = sourcecode.swift; path = ULCParser.swift; sourceTree = "<group>"; };
		B49B76761D7570EE0062464C /* ULCParserTests.swift */ = {isa = PBXFileReference; fileEncoding = 4; lastKnownFileType = sourcecode.swift; path = ULCParserTests.swift; sourceTree = "<group>"; };
		B49B76791D76C6BC0062464C /* ULCEvaluation.swift */ = {isa = PBXFileReference; fileEncoding = 4; lastKnownFileType = sourcecode.swift; path = ULCEvaluation.swift; sourceTree = "<group>"; };
		B49B76801D7B86190062464C /* Dictionary+Helpers.swift */ = {isa = PBXFileReference; fileEncoding = 4; lastKnownFileType = sourcecode.swift; path = "Dictionary+Helpers.swift"; sourceTree = "<group>"; };
		B49B76831D7C10210062464C /* ULCEvaluationTests.swift */ = {isa = PBXFileReference; fileEncoding = 4; lastKnownFileType = sourcecode.swift; path = ULCEvaluationTests.swift; sourceTree = "<group>"; };
		B49B76871D7CB7DD0062464C /* STLCTypes.swift */ = {isa = PBXFileReference; fileEncoding = 4; lastKnownFileType = sourcecode.swift; path = STLCTypes.swift; sourceTree = "<group>"; };
		B49B76891D7CB82E0062464C /* STLCTypeChecker.swift */ = {isa = PBXFileReference; fileEncoding = 4; lastKnownFileType = sourcecode.swift; path = STLCTypeChecker.swift; sourceTree = "<group>"; };
		B49B768C1D7CC15D0062464C /* STLCParser.swift */ = {isa = PBXFileReference; fileEncoding = 4; lastKnownFileType = sourcecode.swift; path = STLCParser.swift; sourceTree = "<group>"; };
		B4AD1D861D813BC50033FEB3 /* STLCTypeCheckerTests.swift */ = {isa = PBXFileReference; fileEncoding = 4; lastKnownFileType = sourcecode.swift; path = STLCTypeCheckerTests.swift; sourceTree = "<group>"; };
		B4E549FD1DEEADBF00157AA2 /* Config.xcconfig */ = {isa = PBXFileReference; fileEncoding = 4; lastKnownFileType = text.xcconfig; name = Config.xcconfig; path = Config/Config.xcconfig; sourceTree = SOURCE_ROOT; };
		B4E549FF1DFE0DB300157AA2 /* TypeError.swift */ = {isa = PBXFileReference; fileEncoding = 4; lastKnownFileType = sourcecode.swift; path = TypeError.swift; sourceTree = "<group>"; };
		B4E54A021DFE1F3900157AA2 /* EvaluationError.swift */ = {isa = PBXFileReference; fileEncoding = 4; lastKnownFileType = sourcecode.swift; path = EvaluationError.swift; sourceTree = "<group>"; };
/* End PBXFileReference section */

/* Begin PBXFrameworksBuildPhase section */
		B439F7791DE68A9B00921932 /* Frameworks */ = {
			isa = PBXFrameworksBuildPhase;
			buildActionMask = 2147483647;
			files = (
			);
			runOnlyForDeploymentPostprocessing = 0;
		};
		B49B760D1D740DFE0062464C /* Frameworks */ = {
			isa = PBXFrameworksBuildPhase;
			buildActionMask = 2147483647;
			files = (
				B49B764A1D740EBA0062464C /* Result.framework in Frameworks */,
			);
			runOnlyForDeploymentPostprocessing = 0;
		};
		B49B76181D740DFE0062464C /* Frameworks */ = {
			isa = PBXFrameworksBuildPhase;
			buildActionMask = 2147483647;
			files = (
				B49B761C1D740DFE0062464C /* lind.framework in Frameworks */,
			);
			runOnlyForDeploymentPostprocessing = 0;
		};
/* End PBXFrameworksBuildPhase section */

/* Begin PBXGroup section */
		B439F77D1DE68A9B00921932 /* albovagen */ = {
			isa = PBXGroup;
			children = (
				B439F77E1DE68A9B00921932 /* main.swift */,
				B439F7831DE68AF600921932 /* console.swift */,
				B439F7851DE68D4600921932 /* evaluation.swift */,
			);
			path = albovagen;
			sourceTree = "<group>";
		};
		B4838DC21DFE3AF500625B96 /* Errors */ = {
			isa = PBXGroup;
			children = (
				B49B764D1D740F9F0062464C /* ParseError.swift */,
				B4E549FF1DFE0DB300157AA2 /* TypeError.swift */,
				B4E54A021DFE1F3900157AA2 /* EvaluationError.swift */,
			);
			name = Errors;
			sourceTree = "<group>";
		};
		B4838DC91DFE3FBA00625B96 /* lind */ = {
			isa = PBXGroup;
			children = (
				B4838DC31DFE3B2A00625B96 /* Type.swift */,
				B4838DC61DFE3BFE00625B96 /* Term.swift */,
				B4838DCA1DFE3FF600625B96 /* Parsing.swift */,
				B4838DCD1DFE4E4300625B96 /* TypeChecking.swift */,
				B496D2D61E10B29200E2779C /* Evaluation.swift */,
			);
			name = lind;
			sourceTree = "<group>";
		};
		B49B76071D740DFE0062464C = {
			isa = PBXGroup;
			children = (
				B49B76131D740DFE0062464C /* lind */,
				B49B761F1D740DFF0062464C /* lindTests */,
				B439F77D1DE68A9B00921932 /* albovagen */,
				B4E549FD1DEEADBF00157AA2 /* Config.xcconfig */,
				B49B76121D740DFE0062464C /* Products */,
				B49B762D1D740EA80062464C /* Result.xcodeproj */,
			);
			sourceTree = "<group>";
		};
		B49B76121D740DFE0062464C /* Products */ = {
			isa = PBXGroup;
			children = (
				B49B76111D740DFE0062464C /* lind.framework */,
				B49B761B1D740DFE0062464C /* lindTests.xctest */,
				B439F77C1DE68A9B00921932 /* albovagen */,
			);
			name = Products;
			sourceTree = "<group>";
		};
		B49B76131D740DFE0062464C /* lind */ = {
			isa = PBXGroup;
			children = (
				B49B76161D740DFE0062464C /* Info.plist */,
				B49B76141D740DFE0062464C /* lind.h */,
				B4838DC21DFE3AF500625B96 /* Errors */,
				B49B762B1D740E0E0062464C /* Parser.swift */,
				B49B76551D7410E40062464C /* Parser+Combinators.swift */,
				B49B76511D74102C0062464C /* Parser+UnicodeScalars.swift */,
				B49B764F1D740FFD0062464C /* Prelude.swift */,
				B49B764B1D740F980062464C /* Reply.swift */,
				B49B76531D74107F0062464C /* UnicodeScalarView+Helpers.swift */,
				B49B76801D7B86190062464C /* Dictionary+Helpers.swift */,
				B49B765B1D7412690062464C /* Untyped Arithmetic */,
				B49B76861D7CB7C40062464C /* Simply Typed Lambda Calculus */,
				B4838DC91DFE3FBA00625B96 /* lind */,
				B49B76701D7551740062464C /* Untyped Lambda Calculus */,
			);
			path = lind;
			sourceTree = "<group>";
		};
		B49B761F1D740DFF0062464C /* lindTests */ = {
			isa = PBXGroup;
			children = (
				B49B765C1D7413420062464C /* UAParserTests.swift */,
				B49B76691D7423780062464C /* UAEvaluationTests.swift */,
				B49B76761D7570EE0062464C /* ULCParserTests.swift */,
				B49B76831D7C10210062464C /* ULCEvaluationTests.swift */,
				B47AB1491D7FF67600586FDB /* ParserTests.swift */,
				B4AD1D861D813BC50033FEB3 /* STLCTypeCheckerTests.swift */,
				B49B76221D740DFF0062464C /* Info.plist */,
			);
			path = lindTests;
			sourceTree = "<group>";
		};
		B49B762E1D740EA80062464C /* Products */ = {
			isa = PBXGroup;
			children = (
				B49B76391D740EA80062464C /* Result.framework */,
				B49B763B1D740EA80062464C /* Result-MacTests.xctest */,
				B49B763D1D740EA80062464C /* Result.framework */,
				B49B763F1D740EA80062464C /* Result-iOSTests.xctest */,
				B49B76411D740EA80062464C /* Result.framework */,
				B49B76431D740EA80062464C /* Result-tvOSTests.xctest */,
				B49B76451D740EA80062464C /* Result.framework */,
				B49B76471D740EA80062464C /* Result-watchOSTests.xctest */,
			);
			name = Products;
			sourceTree = "<group>";
		};
		B49B765B1D7412690062464C /* Untyped Arithmetic */ = {
			isa = PBXGroup;
			children = (
				B49B76571D74117C0062464C /* UATerms.swift */,
				B49B76591D7412650062464C /* UAParser.swift */,
				B49B76671D741FBC0062464C /* UAEvaluator.swift */,
			);
			name = "Untyped Arithmetic";
			sourceTree = "<group>";
		};
		B49B76701D7551740062464C /* Untyped Lambda Calculus */ = {
			isa = PBXGroup;
			children = (
				B49B76711D75519A0062464C /* ULCTerms.swift */,
				B49B76741D75526E0062464C /* ULCParser.swift */,
				B49B76791D76C6BC0062464C /* ULCEvaluation.swift */,
			);
			name = "Untyped Lambda Calculus";
			sourceTree = "<group>";
		};
		B49B76861D7CB7C40062464C /* Simply Typed Lambda Calculus */ = {
			isa = PBXGroup;
			children = (
				B49B76871D7CB7DD0062464C /* STLCTypes.swift */,
				B49B768C1D7CC15D0062464C /* STLCParser.swift */,
				B49B76891D7CB82E0062464C /* STLCTypeChecker.swift */,
			);
			name = "Simply Typed Lambda Calculus";
			sourceTree = "<group>";
		};
/* End PBXGroup section */

/* Begin PBXHeadersBuildPhase section */
		B49B760E1D740DFE0062464C /* Headers */ = {
			isa = PBXHeadersBuildPhase;
			buildActionMask = 2147483647;
			files = (
				B49B76151D740DFE0062464C /* lind.h in Headers */,
			);
			runOnlyForDeploymentPostprocessing = 0;
		};
/* End PBXHeadersBuildPhase section */

/* Begin PBXNativeTarget section */
		B439F77B1DE68A9B00921932 /* albovagen */ = {
			isa = PBXNativeTarget;
			buildConfigurationList = B439F7801DE68A9B00921932 /* Build configuration list for PBXNativeTarget "albovagen" */;
			buildPhases = (
				B439F7781DE68A9B00921932 /* Sources */,
				B439F7791DE68A9B00921932 /* Frameworks */,
				B439F77A1DE68A9B00921932 /* CopyFiles */,
			);
			buildRules = (
			);
			dependencies = (
				B439F78C1DE77C8400921932 /* PBXTargetDependency */,
			);
			name = albovagen;
			productName = albovagen;
			productReference = B439F77C1DE68A9B00921932 /* albovagen */;
			productType = "com.apple.product-type.tool";
		};
		B49B76101D740DFE0062464C /* lind */ = {
			isa = PBXNativeTarget;
			buildConfigurationList = B49B76251D740DFF0062464C /* Build configuration list for PBXNativeTarget "lind" */;
			buildPhases = (
				B49B760C1D740DFE0062464C /* Sources */,
				B49B760D1D740DFE0062464C /* Frameworks */,
				B49B760E1D740DFE0062464C /* Headers */,
				B49B760F1D740DFE0062464C /* Resources */,
			);
			buildRules = (
			);
			dependencies = (
				B49B76491D740EB50062464C /* PBXTargetDependency */,
			);
			name = lind;
			productName = lind;
			productReference = B49B76111D740DFE0062464C /* lind.framework */;
			productType = "com.apple.product-type.framework";
		};
		B49B761A1D740DFE0062464C /* lindTests */ = {
			isa = PBXNativeTarget;
			buildConfigurationList = B49B76281D740DFF0062464C /* Build configuration list for PBXNativeTarget "lindTests" */;
			buildPhases = (
				B49B76171D740DFE0062464C /* Sources */,
				B49B76181D740DFE0062464C /* Frameworks */,
				B49B76191D740DFE0062464C /* Resources */,
			);
			buildRules = (
			);
			dependencies = (
				B49B761E1D740DFE0062464C /* PBXTargetDependency */,
			);
			name = lindTests;
			productName = lindTests;
			productReference = B49B761B1D740DFE0062464C /* lindTests.xctest */;
			productType = "com.apple.product-type.bundle.unit-test";
		};
/* End PBXNativeTarget section */

/* Begin PBXProject section */
		B49B76081D740DFE0062464C /* Project object */ = {
			isa = PBXProject;
			attributes = {
				LastSwiftUpdateCheck = 0800;
				LastUpgradeCheck = 0800;
				ORGANIZATIONNAME = lindkvist;
				TargetAttributes = {
					B439F77B1DE68A9B00921932 = {
						CreatedOnToolsVersion = 8.0;
						ProvisioningStyle = Automatic;
					};
					B49B76101D740DFE0062464C = {
						CreatedOnToolsVersion = 7.3.1;
						LastSwiftMigration = 0800;
					};
					B49B761A1D740DFE0062464C = {
						CreatedOnToolsVersion = 7.3.1;
						LastSwiftMigration = 0800;
					};
				};
			};
			buildConfigurationList = B49B760B1D740DFE0062464C /* Build configuration list for PBXProject "lind" */;
			compatibilityVersion = "Xcode 3.2";
			developmentRegion = English;
			hasScannedForEncodings = 0;
			knownRegions = (
				en,
			);
			mainGroup = B49B76071D740DFE0062464C;
			productRefGroup = B49B76121D740DFE0062464C /* Products */;
			projectDirPath = "";
			projectReferences = (
				{
					ProductGroup = B49B762E1D740EA80062464C /* Products */;
					ProjectRef = B49B762D1D740EA80062464C /* Result.xcodeproj */;
				},
			);
			projectRoot = "";
			targets = (
				B49B76101D740DFE0062464C /* lind */,
				B49B761A1D740DFE0062464C /* lindTests */,
				B439F77B1DE68A9B00921932 /* albovagen */,
			);
		};
/* End PBXProject section */

/* Begin PBXReferenceProxy section */
		B49B76391D740EA80062464C /* Result.framework */ = {
			isa = PBXReferenceProxy;
			fileType = wrapper.framework;
			path = Result.framework;
			remoteRef = B49B76381D740EA80062464C /* PBXContainerItemProxy */;
			sourceTree = BUILT_PRODUCTS_DIR;
		};
		B49B763B1D740EA80062464C /* Result-MacTests.xctest */ = {
			isa = PBXReferenceProxy;
			fileType = wrapper.cfbundle;
			path = "Result-MacTests.xctest";
			remoteRef = B49B763A1D740EA80062464C /* PBXContainerItemProxy */;
			sourceTree = BUILT_PRODUCTS_DIR;
		};
		B49B763D1D740EA80062464C /* Result.framework */ = {
			isa = PBXReferenceProxy;
			fileType = wrapper.framework;
			path = Result.framework;
			remoteRef = B49B763C1D740EA80062464C /* PBXContainerItemProxy */;
			sourceTree = BUILT_PRODUCTS_DIR;
		};
		B49B763F1D740EA80062464C /* Result-iOSTests.xctest */ = {
			isa = PBXReferenceProxy;
			fileType = wrapper.cfbundle;
			path = "Result-iOSTests.xctest";
			remoteRef = B49B763E1D740EA80062464C /* PBXContainerItemProxy */;
			sourceTree = BUILT_PRODUCTS_DIR;
		};
		B49B76411D740EA80062464C /* Result.framework */ = {
			isa = PBXReferenceProxy;
			fileType = wrapper.framework;
			path = Result.framework;
			remoteRef = B49B76401D740EA80062464C /* PBXContainerItemProxy */;
			sourceTree = BUILT_PRODUCTS_DIR;
		};
		B49B76431D740EA80062464C /* Result-tvOSTests.xctest */ = {
			isa = PBXReferenceProxy;
			fileType = wrapper.cfbundle;
			path = "Result-tvOSTests.xctest";
			remoteRef = B49B76421D740EA80062464C /* PBXContainerItemProxy */;
			sourceTree = BUILT_PRODUCTS_DIR;
		};
		B49B76451D740EA80062464C /* Result.framework */ = {
			isa = PBXReferenceProxy;
			fileType = wrapper.framework;
			path = Result.framework;
			remoteRef = B49B76441D740EA80062464C /* PBXContainerItemProxy */;
			sourceTree = BUILT_PRODUCTS_DIR;
		};
		B49B76471D740EA80062464C /* Result-watchOSTests.xctest */ = {
			isa = PBXReferenceProxy;
			fileType = wrapper.cfbundle;
			path = "Result-watchOSTests.xctest";
			remoteRef = B49B76461D740EA80062464C /* PBXContainerItemProxy */;
			sourceTree = BUILT_PRODUCTS_DIR;
		};
/* End PBXReferenceProxy section */

/* Begin PBXResourcesBuildPhase section */
		B49B760F1D740DFE0062464C /* Resources */ = {
			isa = PBXResourcesBuildPhase;
			buildActionMask = 2147483647;
			files = (
				B4E549FE1DEEADBF00157AA2 /* Config.xcconfig in Resources */,
			);
			runOnlyForDeploymentPostprocessing = 0;
		};
		B49B76191D740DFE0062464C /* Resources */ = {
			isa = PBXResourcesBuildPhase;
			buildActionMask = 2147483647;
			files = (
			);
			runOnlyForDeploymentPostprocessing = 0;
		};
/* End PBXResourcesBuildPhase section */

/* Begin PBXSourcesBuildPhase section */
		B439F7781DE68A9B00921932 /* Sources */ = {
			isa = PBXSourcesBuildPhase;
			buildActionMask = 2147483647;
			files = (
				B439F77F1DE68A9B00921932 /* main.swift in Sources */,
				B439F7841DE68AF600921932 /* console.swift in Sources */,
				B439F7861DE68D4600921932 /* evaluation.swift in Sources */,
			);
			runOnlyForDeploymentPostprocessing = 0;
		};
		B49B760C1D740DFE0062464C /* Sources */ = {
			isa = PBXSourcesBuildPhase;
			buildActionMask = 2147483647;
			files = (
				B49B76541D74107F0062464C /* UnicodeScalarView+Helpers.swift in Sources */,
				B49B767A1D76C6BC0062464C /* ULCEvaluation.swift in Sources */,
				B4E54A001DFE0DB300157AA2 /* TypeError.swift in Sources */,
				B496D2D71E10B29200E2779C /* Evaluation.swift in Sources */,
				B49B764E1D740F9F0062464C /* ParseError.swift in Sources */,
				B49B76521D74102C0062464C /* Parser+UnicodeScalars.swift in Sources */,
				B49B76561D7410E40062464C /* Parser+Combinators.swift in Sources */,
				B49B76681D741FBC0062464C /* UAEvaluator.swift in Sources */,
				B49B76751D75526E0062464C /* ULCParser.swift in Sources */,
				B49B768A1D7CB82E0062464C /* STLCTypeChecker.swift in Sources */,
				B49B76811D7B86190062464C /* Dictionary+Helpers.swift in Sources */,
				B49B76501D740FFD0062464C /* Prelude.swift in Sources */,
				B4838DC71DFE3BFE00625B96 /* Term.swift in Sources */,
				B49B76721D75519A0062464C /* ULCTerms.swift in Sources */,
				B4E54A031DFE1F3900157AA2 /* EvaluationError.swift in Sources */,
				B49B76881D7CB7DD0062464C /* STLCTypes.swift in Sources */,
				B49B765A1D7412650062464C /* UAParser.swift in Sources */,
				B4838DC41DFE3B2A00625B96 /* Type.swift in Sources */,
				B49B76581D74117C0062464C /* UATerms.swift in Sources */,
				B4838DCE1DFE4E4300625B96 /* TypeChecking.swift in Sources */,
				B49B764C1D740F980062464C /* Reply.swift in Sources */,
				B49B762C1D740E0E0062464C /* Parser.swift in Sources */,
				B49B768D1D7CC15D0062464C /* STLCParser.swift in Sources */,
				B4838DCB1DFE3FF600625B96 /* Parsing.swift in Sources */,
			);
			runOnlyForDeploymentPostprocessing = 0;
		};
		B49B76171D740DFE0062464C /* Sources */ = {
			isa = PBXSourcesBuildPhase;
			buildActionMask = 2147483647;
			files = (
				B49B76731D7552600062464C /* ULCTerms.swift in Sources */,
				B47AB1531D7FF6CE00586FDB /* STLCTypes.swift in Sources */,
				B49B76621D7417670062464C /* Reply.swift in Sources */,
				B4838DCC1DFE3FF600625B96 /* Parsing.swift in Sources */,
				B49B766A1D7423780062464C /* UAEvaluationTests.swift in Sources */,
				B49B76661D7417670062464C /* UATerms.swift in Sources */,
				B4838DD11DFE9C8900625B96 /* TypeError.swift in Sources */,
				B49B76771D7570EE0062464C /* ULCParserTests.swift in Sources */,
				B49B76841D7C10210062464C /* ULCEvaluationTests.swift in Sources */,
				B47AB1521D7FF6CA00586FDB /* STLCParser.swift in Sources */,
				B49B76641D7417670062464C /* Prelude.swift in Sources */,
				B47AB14A1D7FF67600586FDB /* ParserTests.swift in Sources */,
				B49B76631D7417670062464C /* ParseError.swift in Sources */,
				B49B76821D7B93DC0062464C /* Dictionary+Helpers.swift in Sources */,
				B49B765E1D74171B0062464C /* UAParser.swift in Sources */,
				B4AD1D871D813BC50033FEB3 /* STLCTypeCheckerTests.swift in Sources */,
				B49B76781D757A180062464C /* ULCParser.swift in Sources */,
				B49B765D1D7413420062464C /* UAParserTests.swift in Sources */,
				B49B76601D7417670062464C /* Parser+UnicodeScalars.swift in Sources */,
				B4AD1D8F1D813BEB0033FEB3 /* STLCTypeChecker.swift in Sources */,
				B49B765F1D7417670062464C /* Parser.swift in Sources */,
				B49B766B1D7423F90062464C /* UAEvaluator.swift in Sources */,
				B49B76611D7417670062464C /* Parser+Combinators.swift in Sources */,
				B4838DC11DFE211D00625B96 /* EvaluationError.swift in Sources */,
				B4838DC81DFE3BFE00625B96 /* Term.swift in Sources */,
				B49B76851D7C102A0062464C /* ULCEvaluation.swift in Sources */,
				B4838DCF1DFE4E4300625B96 /* TypeChecking.swift in Sources */,
				B4838DC51DFE3B2A00625B96 /* Type.swift in Sources */,
			);
			runOnlyForDeploymentPostprocessing = 0;
		};
/* End PBXSourcesBuildPhase section */

/* Begin PBXTargetDependency section */
		B439F78C1DE77C8400921932 /* PBXTargetDependency */ = {
			isa = PBXTargetDependency;
			target = B49B76101D740DFE0062464C /* lind */;
			targetProxy = B439F78B1DE77C8400921932 /* PBXContainerItemProxy */;
		};
		B49B761E1D740DFE0062464C /* PBXTargetDependency */ = {
			isa = PBXTargetDependency;
			target = B49B76101D740DFE0062464C /* lind */;
			targetProxy = B49B761D1D740DFE0062464C /* PBXContainerItemProxy */;
		};
		B49B76491D740EB50062464C /* PBXTargetDependency */ = {
			isa = PBXTargetDependency;
			name = "Result-Mac";
			targetProxy = B49B76481D740EB50062464C /* PBXContainerItemProxy */;
		};
/* End PBXTargetDependency section */

/* Begin XCBuildConfiguration section */
		B439F7811DE68A9B00921932 /* Debug */ = {
			isa = XCBuildConfiguration;
			buildSettings = {
			};
			name = Debug;
		};
		B439F7821DE68A9B00921932 /* Release */ = {
			isa = XCBuildConfiguration;
			buildSettings = {
			};
			name = Release;
		};
		B49B76231D740DFF0062464C /* Debug */ = {
			isa = XCBuildConfiguration;
			baseConfigurationReference = B4E549FD1DEEADBF00157AA2 /* Config.xcconfig */;
			buildSettings = {
				ALWAYS_SEARCH_USER_PATHS = NO;
				CLANG_ANALYZER_NONNULL = YES;
				CLANG_CXX_LANGUAGE_STANDARD = "gnu++0x";
				CLANG_CXX_LIBRARY = "libc++";
				CLANG_ENABLE_MODULES = YES;
				CLANG_ENABLE_OBJC_ARC = YES;
				CLANG_WARN_BOOL_CONVERSION = YES;
				CLANG_WARN_CONSTANT_CONVERSION = YES;
				CLANG_WARN_DIRECT_OBJC_ISA_USAGE = YES_ERROR;
				CLANG_WARN_EMPTY_BODY = YES;
				CLANG_WARN_ENUM_CONVERSION = YES;
				CLANG_WARN_INFINITE_RECURSION = YES;
				CLANG_WARN_INT_CONVERSION = YES;
				CLANG_WARN_OBJC_ROOT_CLASS = YES_ERROR;
				CLANG_WARN_SUSPICIOUS_MOVE = YES;
				CLANG_WARN_UNREACHABLE_CODE = YES;
				CLANG_WARN__DUPLICATE_METHOD_MATCH = YES;
				CODE_SIGN_IDENTITY = "-";
				COPY_PHASE_STRIP = NO;
				CURRENT_PROJECT_VERSION = 1;
				DEBUG_INFORMATION_FORMAT = dwarf;
				ENABLE_STRICT_OBJC_MSGSEND = YES;
				ENABLE_TESTABILITY = YES;
				GCC_C_LANGUAGE_STANDARD = gnu99;
				GCC_DYNAMIC_NO_PIC = NO;
				GCC_NO_COMMON_BLOCKS = YES;
				GCC_OPTIMIZATION_LEVEL = 0;
				GCC_PREPROCESSOR_DEFINITIONS = (
					"DEBUG=1",
					"$(inherited)",
				);
				GCC_WARN_64_TO_32_BIT_CONVERSION = YES;
				GCC_WARN_ABOUT_RETURN_TYPE = YES_ERROR;
				GCC_WARN_UNDECLARED_SELECTOR = YES;
				GCC_WARN_UNINITIALIZED_AUTOS = YES_AGGRESSIVE;
				GCC_WARN_UNUSED_FUNCTION = YES;
				GCC_WARN_UNUSED_VARIABLE = YES;
				MACOSX_DEPLOYMENT_TARGET = 10.11;
				MTL_ENABLE_DEBUG_INFO = YES;
				ONLY_ACTIVE_ARCH = YES;
				SDKROOT = macosx;
				SWIFT_OPTIMIZATION_LEVEL = "-Onone";
				VERSIONING_SYSTEM = "apple-generic";
				VERSION_INFO_PREFIX = "";
			};
			name = Debug;
		};
		B49B76241D740DFF0062464C /* Release */ = {
			isa = XCBuildConfiguration;
			baseConfigurationReference = B4E549FD1DEEADBF00157AA2 /* Config.xcconfig */;
			buildSettings = {
				ALWAYS_SEARCH_USER_PATHS = NO;
				CLANG_ANALYZER_NONNULL = YES;
				CLANG_CXX_LANGUAGE_STANDARD = "gnu++0x";
				CLANG_CXX_LIBRARY = "libc++";
				CLANG_ENABLE_MODULES = YES;
				CLANG_ENABLE_OBJC_ARC = YES;
				CLANG_WARN_BOOL_CONVERSION = YES;
				CLANG_WARN_CONSTANT_CONVERSION = YES;
				CLANG_WARN_DIRECT_OBJC_ISA_USAGE = YES_ERROR;
				CLANG_WARN_EMPTY_BODY = YES;
				CLANG_WARN_ENUM_CONVERSION = YES;
				CLANG_WARN_INFINITE_RECURSION = YES;
				CLANG_WARN_INT_CONVERSION = YES;
				CLANG_WARN_OBJC_ROOT_CLASS = YES_ERROR;
				CLANG_WARN_SUSPICIOUS_MOVE = YES;
				CLANG_WARN_UNREACHABLE_CODE = YES;
				CLANG_WARN__DUPLICATE_METHOD_MATCH = YES;
				CODE_SIGN_IDENTITY = "-";
				COPY_PHASE_STRIP = NO;
				CURRENT_PROJECT_VERSION = 1;
				DEBUG_INFORMATION_FORMAT = "dwarf-with-dsym";
				ENABLE_NS_ASSERTIONS = NO;
				ENABLE_STRICT_OBJC_MSGSEND = YES;
				GCC_C_LANGUAGE_STANDARD = gnu99;
				GCC_NO_COMMON_BLOCKS = YES;
				GCC_WARN_64_TO_32_BIT_CONVERSION = YES;
				GCC_WARN_ABOUT_RETURN_TYPE = YES_ERROR;
				GCC_WARN_UNDECLARED_SELECTOR = YES;
				GCC_WARN_UNINITIALIZED_AUTOS = YES_AGGRESSIVE;
				GCC_WARN_UNUSED_FUNCTION = YES;
				GCC_WARN_UNUSED_VARIABLE = YES;
				MACOSX_DEPLOYMENT_TARGET = 10.11;
				MTL_ENABLE_DEBUG_INFO = NO;
				SDKROOT = macosx;
				SWIFT_OPTIMIZATION_LEVEL = "-Owholemodule";
				VERSIONING_SYSTEM = "apple-generic";
				VERSION_INFO_PREFIX = "";
			};
			name = Release;
		};
		B49B76261D740DFF0062464C /* Debug */ = {
			isa = XCBuildConfiguration;
			buildSettings = {
				CODE_SIGN_IDENTITY = "";
			};
			name = Debug;
		};
		B49B76271D740DFF0062464C /* Release */ = {
			isa = XCBuildConfiguration;
			buildSettings = {
				CODE_SIGN_IDENTITY = "";
			};
			name = Release;
		};
		B49B76291D740DFF0062464C /* Debug */ = {
			isa = XCBuildConfiguration;
			buildSettings = {
				COMBINE_HIDPI_IMAGES = YES;
				INFOPLIST_FILE = lindTests/Info.plist;
				LD_RUNPATH_SEARCH_PATHS = "$(inherited) @executable_path/../Frameworks @loader_path/../Frameworks";
				PRODUCT_BUNDLE_IDENTIFIER = com.lindkvist.lindTests;
				PRODUCT_NAME = "$(TARGET_NAME)";
				SWIFT_VERSION = 3.0;
			};
			name = Debug;
		};
		B49B762A1D740DFF0062464C /* Release */ = {
			isa = XCBuildConfiguration;
			buildSettings = {
				COMBINE_HIDPI_IMAGES = YES;
				INFOPLIST_FILE = lindTests/Info.plist;
				LD_RUNPATH_SEARCH_PATHS = "$(inherited) @executable_path/../Frameworks @loader_path/../Frameworks";
				PRODUCT_BUNDLE_IDENTIFIER = com.lindkvist.lindTests;
				PRODUCT_NAME = "$(TARGET_NAME)";
				SWIFT_VERSION = 3.0;
			};
			name = Release;
		};
/* End XCBuildConfiguration section */

/* Begin XCConfigurationList section */
		B439F7801DE68A9B00921932 /* Build configuration list for PBXNativeTarget "albovagen" */ = {
			isa = XCConfigurationList;
			buildConfigurations = (
				B439F7811DE68A9B00921932 /* Debug */,
				B439F7821DE68A9B00921932 /* Release */,
			);
			defaultConfigurationIsVisible = 0;
			defaultConfigurationName = Release;
		};
		B49B760B1D740DFE0062464C /* Build configuration list for PBXProject "lind" */ = {
			isa = XCConfigurationList;
			buildConfigurations = (
				B49B76231D740DFF0062464C /* Debug */,
				B49B76241D740DFF0062464C /* Release */,
			);
			defaultConfigurationIsVisible = 0;
			defaultConfigurationName = Release;
		};
		B49B76251D740DFF0062464C /* Build configuration list for PBXNativeTarget "lind" */ = {
			isa = XCConfigurationList;
			buildConfigurations = (
				B49B76261D740DFF0062464C /* Debug */,
				B49B76271D740DFF0062464C /* Release */,
			);
			defaultConfigurationIsVisible = 0;
			defaultConfigurationName = Release;
		};
		B49B76281D740DFF0062464C /* Build configuration list for PBXNativeTarget "lindTests" */ = {
			isa = XCConfigurationList;
			buildConfigurations = (
				B49B76291D740DFF0062464C /* Debug */,
				B49B762A1D740DFF0062464C /* Release */,
			);
			defaultConfigurationIsVisible = 0;
			defaultConfigurationName = Release;
		};
/* End XCConfigurationList section */
	};
	rootObject = B49B76081D740DFE0062464C /* Project object */;
}
